// !$*UTF8*$!
{
	archiveVersion = 1;
	classes = {
	};
	objectVersion = 50;
	objects = {

/* Begin PBXBuildFile section */
		5280E34D21D7B5A800829935 /* RegionListModel.swift in Sources */ = {isa = PBXBuildFile; fileRef = 5280E34C21D7B5A800829935 /* RegionListModel.swift */; };
		52986AFC21D28DB100601983 /* UIColor.swift in Sources */ = {isa = PBXBuildFile; fileRef = 52986AFB21D28DB100601983 /* UIColor.swift */; };
		52986AFE21D28DC700601983 /* ReservationPicker.swift in Sources */ = {isa = PBXBuildFile; fileRef = 52986AFD21D28DC700601983 /* ReservationPicker.swift */; };
		52AB75F421CF506F0002FB07 /* AppDelegate.swift in Sources */ = {isa = PBXBuildFile; fileRef = 52AB75F321CF506F0002FB07 /* AppDelegate.swift */; };
		52AB75F621CF506F0002FB07 /* MainViewController.swift in Sources */ = {isa = PBXBuildFile; fileRef = 52AB75F521CF506F0002FB07 /* MainViewController.swift */; };
		52AB75FB21CF50700002FB07 /* Assets.xcassets in Resources */ = {isa = PBXBuildFile; fileRef = 52AB75FA21CF50700002FB07 /* Assets.xcassets */; };
		52AB75FE21CF50700002FB07 /* LaunchScreen.storyboard in Resources */ = {isa = PBXBuildFile; fileRef = 52AB75FC21CF50700002FB07 /* LaunchScreen.storyboard */; };
		52AB760C21CF65ED0002FB07 /* SignupViewController.swift in Sources */ = {isa = PBXBuildFile; fileRef = 52AB760921CF65ED0002FB07 /* SignupViewController.swift */; };
		52AB760D21CF65ED0002FB07 /* LoginViewController.swift in Sources */ = {isa = PBXBuildFile; fileRef = 52AB760A21CF65ED0002FB07 /* LoginViewController.swift */; };
		52AB760E21CF65ED0002FB07 /* LoginSignup.storyboard in Resources */ = {isa = PBXBuildFile; fileRef = 52AB760B21CF65ED0002FB07 /* LoginSignup.storyboard */; };
		52AB761021CF665B0002FB07 /* Main.storyboard in Resources */ = {isa = PBXBuildFile; fileRef = 52AB760F21CF665B0002FB07 /* Main.storyboard */; };
		52AB761221CF69240002FB07 /* ViewExtension.swift in Sources */ = {isa = PBXBuildFile; fileRef = 52AB761121CF69240002FB07 /* ViewExtension.swift */; };
		52AB761821D0E9C40002FB07 /* SearchTableViewCell.swift in Sources */ = {isa = PBXBuildFile; fileRef = 52AB761621D0E9C40002FB07 /* SearchTableViewCell.swift */; };
		52AB761921D0E9C40002FB07 /* SearchTableViewCell.xib in Resources */ = {isa = PBXBuildFile; fileRef = 52AB761721D0E9C40002FB07 /* SearchTableViewCell.xib */; };
		52AB761C21D104810002FB07 /* DetailShopTableViewCell.swift in Sources */ = {isa = PBXBuildFile; fileRef = 52AB761A21D104810002FB07 /* DetailShopTableViewCell.swift */; };
		52AB761D21D104810002FB07 /* DetailShopTableViewCell.xib in Resources */ = {isa = PBXBuildFile; fileRef = 52AB761B21D104810002FB07 /* DetailShopTableViewCell.xib */; };
		52B899CC21D7364C00D2667D /* ErrorModel.swift in Sources */ = {isa = PBXBuildFile; fileRef = 52B899CB21D7364C00D2667D /* ErrorModel.swift */; };
		52BDE66E21D50051008204FF /* NanumSquareEB.ttf in Resources */ = {isa = PBXBuildFile; fileRef = 52BDE66A21D50051008204FF /* NanumSquareEB.ttf */; };
		52BDE66F21D50051008204FF /* NanumSquareR.ttf in Resources */ = {isa = PBXBuildFile; fileRef = 52BDE66B21D50051008204FF /* NanumSquareR.ttf */; };
		52BDE67021D50051008204FF /* NanumSquareL.ttf in Resources */ = {isa = PBXBuildFile; fileRef = 52BDE66C21D50051008204FF /* NanumSquareL.ttf */; };
		52BDE67121D50051008204FF /* NanumSquareB.ttf in Resources */ = {isa = PBXBuildFile; fileRef = 52BDE66D21D50051008204FF /* NanumSquareB.ttf */; };
		52BDE67921D50064008204FF /* NotoSansCJKkr-Regular.otf in Resources */ = {isa = PBXBuildFile; fileRef = 52BDE67221D50061008204FF /* NotoSansCJKkr-Regular.otf */; };
		52BDE67A21D50064008204FF /* NotoSansCJKkr-Thin.otf in Resources */ = {isa = PBXBuildFile; fileRef = 52BDE67321D50061008204FF /* NotoSansCJKkr-Thin.otf */; };
		52BDE67B21D50064008204FF /* NotoSansCJKkr-Bold.otf in Resources */ = {isa = PBXBuildFile; fileRef = 52BDE67421D50062008204FF /* NotoSansCJKkr-Bold.otf */; };
		52BDE67C21D50064008204FF /* NotoSansCJKkr-DemiLight.otf in Resources */ = {isa = PBXBuildFile; fileRef = 52BDE67521D50062008204FF /* NotoSansCJKkr-DemiLight.otf */; };
		52BDE67D21D50064008204FF /* NotoSansCJKkr-Light.otf in Resources */ = {isa = PBXBuildFile; fileRef = 52BDE67621D50063008204FF /* NotoSansCJKkr-Light.otf */; };
		52BDE67E21D50064008204FF /* NotoSansCJKkr-Medium.otf in Resources */ = {isa = PBXBuildFile; fileRef = 52BDE67721D50064008204FF /* NotoSansCJKkr-Medium.otf */; };
		52BDE67F21D50064008204FF /* NotoSansCJKkr-Black.otf in Resources */ = {isa = PBXBuildFile; fileRef = 52BDE67821D50064008204FF /* NotoSansCJKkr-Black.otf */; };
		52D2BC3321D6A89E005F48D3 /* APIRouter.swift in Sources */ = {isa = PBXBuildFile; fileRef = 52D2BC3221D6A89E005F48D3 /* APIRouter.swift */; };
		52D2BC3521D6AB19005F48D3 /* NetworkRequester.swift in Sources */ = {isa = PBXBuildFile; fileRef = 52D2BC3421D6AB19005F48D3 /* NetworkRequester.swift */; };
		52D2BC3821D6BDCB005F48D3 /* NetworkManager.swift in Sources */ = {isa = PBXBuildFile; fileRef = 52D2BC3721D6BDCB005F48D3 /* NetworkManager.swift */; };
		52EA578421D3AA380012F53C /* ShopAddressTableViewCell.swift in Sources */ = {isa = PBXBuildFile; fileRef = 52EA578321D3AA380012F53C /* ShopAddressTableViewCell.swift */; };
		52EA578621D3AA6F0012F53C /* ShopReviewTableViewCell.swift in Sources */ = {isa = PBXBuildFile; fileRef = 52EA578521D3AA6F0012F53C /* ShopReviewTableViewCell.swift */; };
		58F65CFF372615526B72DC45 /* Pods_Travely_iOS.framework in Frameworks */ = {isa = PBXBuildFile; fileRef = FCA8F4C411292DF69C93159F /* Pods_Travely_iOS.framework */; };
		D1CA4DDB21D62F3A003E1C7A /* TestTableViewController.swift in Sources */ = {isa = PBXBuildFile; fileRef = D1CA4DDA21D62F3A003E1C7A /* TestTableViewController.swift */; };
		D1CA4DDD21D66D2A003E1C7A /* ReservationViewController.swift in Sources */ = {isa = PBXBuildFile; fileRef = D1CA4DDC21D66D2A003E1C7A /* ReservationViewController.swift */; };
		D1CA4E0121D782A5003E1C7A /* Alert.storyboard in Resources */ = {isa = PBXBuildFile; fileRef = D1CA4E0021D782A5003E1C7A /* Alert.storyboard */; };
		D1E16E1F21D78B92006EEC59 /* TestViewController5.swift in Sources */ = {isa = PBXBuildFile; fileRef = D1E16E1E21D78B92006EEC59 /* TestViewController5.swift */; };
		D1E16E2121D78CB7006EEC59 /* ReservationAlertViewController.swift in Sources */ = {isa = PBXBuildFile; fileRef = D1E16E2021D78CB7006EEC59 /* ReservationAlertViewController.swift */; };
		D1E16E2321D7926D006EEC59 /* CancelAlertViewController.swift in Sources */ = {isa = PBXBuildFile; fileRef = D1E16E2221D7926D006EEC59 /* CancelAlertViewController.swift */; };
		D1E16E2521D79657006EEC59 /* cancelConfirmViewController.swift in Sources */ = {isa = PBXBuildFile; fileRef = D1E16E2421D79657006EEC59 /* cancelConfirmViewController.swift */; };
/* End PBXBuildFile section */

/* Begin PBXFileReference section */
		3ED19096FC49769E399B9F60 /* Pods-Travely_iOS.release.xcconfig */ = {isa = PBXFileReference; includeInIndex = 1; lastKnownFileType = text.xcconfig; name = "Pods-Travely_iOS.release.xcconfig"; path = "Pods/Target Support Files/Pods-Travely_iOS/Pods-Travely_iOS.release.xcconfig"; sourceTree = "<group>"; };
		5280E34C21D7B5A800829935 /* RegionListModel.swift */ = {isa = PBXFileReference; lastKnownFileType = sourcecode.swift; path = RegionListModel.swift; sourceTree = "<group>"; };
		52986AFB21D28DB100601983 /* UIColor.swift */ = {isa = PBXFileReference; fileEncoding = 4; lastKnownFileType = sourcecode.swift; path = UIColor.swift; sourceTree = "<group>"; };
		52986AFD21D28DC700601983 /* ReservationPicker.swift */ = {isa = PBXFileReference; fileEncoding = 4; lastKnownFileType = sourcecode.swift; path = ReservationPicker.swift; sourceTree = "<group>"; };
		52AB75F021CF506F0002FB07 /* Travely_iOS.app */ = {isa = PBXFileReference; explicitFileType = wrapper.application; includeInIndex = 0; path = Travely_iOS.app; sourceTree = BUILT_PRODUCTS_DIR; };
		52AB75F321CF506F0002FB07 /* AppDelegate.swift */ = {isa = PBXFileReference; lastKnownFileType = sourcecode.swift; path = AppDelegate.swift; sourceTree = "<group>"; };
		52AB75F521CF506F0002FB07 /* MainViewController.swift */ = {isa = PBXFileReference; lastKnownFileType = sourcecode.swift; path = MainViewController.swift; sourceTree = "<group>"; };
		52AB75FA21CF50700002FB07 /* Assets.xcassets */ = {isa = PBXFileReference; lastKnownFileType = folder.assetcatalog; path = Assets.xcassets; sourceTree = "<group>"; };
		52AB75FD21CF50700002FB07 /* Base */ = {isa = PBXFileReference; lastKnownFileType = file.storyboard; name = Base; path = Base.lproj/LaunchScreen.storyboard; sourceTree = "<group>"; };
		52AB75FF21CF50700002FB07 /* Info.plist */ = {isa = PBXFileReference; lastKnownFileType = text.plist.xml; path = Info.plist; sourceTree = "<group>"; };
		52AB760921CF65ED0002FB07 /* SignupViewController.swift */ = {isa = PBXFileReference; fileEncoding = 4; lastKnownFileType = sourcecode.swift; path = SignupViewController.swift; sourceTree = "<group>"; };
		52AB760A21CF65ED0002FB07 /* LoginViewController.swift */ = {isa = PBXFileReference; fileEncoding = 4; lastKnownFileType = sourcecode.swift; path = LoginViewController.swift; sourceTree = "<group>"; };
		52AB760B21CF65ED0002FB07 /* LoginSignup.storyboard */ = {isa = PBXFileReference; fileEncoding = 4; lastKnownFileType = file.storyboard; path = LoginSignup.storyboard; sourceTree = "<group>"; };
		52AB760F21CF665B0002FB07 /* Main.storyboard */ = {isa = PBXFileReference; lastKnownFileType = file.storyboard; path = Main.storyboard; sourceTree = "<group>"; };
		52AB761121CF69240002FB07 /* ViewExtension.swift */ = {isa = PBXFileReference; lastKnownFileType = sourcecode.swift; path = ViewExtension.swift; sourceTree = "<group>"; };
		52AB761621D0E9C40002FB07 /* SearchTableViewCell.swift */ = {isa = PBXFileReference; lastKnownFileType = sourcecode.swift; path = SearchTableViewCell.swift; sourceTree = "<group>"; };
		52AB761721D0E9C40002FB07 /* SearchTableViewCell.xib */ = {isa = PBXFileReference; lastKnownFileType = file.xib; path = SearchTableViewCell.xib; sourceTree = "<group>"; };
		52AB761A21D104810002FB07 /* DetailShopTableViewCell.swift */ = {isa = PBXFileReference; lastKnownFileType = sourcecode.swift; path = DetailShopTableViewCell.swift; sourceTree = "<group>"; };
		52AB761B21D104810002FB07 /* DetailShopTableViewCell.xib */ = {isa = PBXFileReference; lastKnownFileType = file.xib; path = DetailShopTableViewCell.xib; sourceTree = "<group>"; };
		52B899CB21D7364C00D2667D /* ErrorModel.swift */ = {isa = PBXFileReference; lastKnownFileType = sourcecode.swift; path = ErrorModel.swift; sourceTree = "<group>"; };
		52BDE66A21D50051008204FF /* NanumSquareEB.ttf */ = {isa = PBXFileReference; lastKnownFileType = file; path = NanumSquareEB.ttf; sourceTree = "<group>"; };
		52BDE66B21D50051008204FF /* NanumSquareR.ttf */ = {isa = PBXFileReference; lastKnownFileType = file; path = NanumSquareR.ttf; sourceTree = "<group>"; };
		52BDE66C21D50051008204FF /* NanumSquareL.ttf */ = {isa = PBXFileReference; lastKnownFileType = file; path = NanumSquareL.ttf; sourceTree = "<group>"; };
		52BDE66D21D50051008204FF /* NanumSquareB.ttf */ = {isa = PBXFileReference; lastKnownFileType = file; path = NanumSquareB.ttf; sourceTree = "<group>"; };
		52BDE67221D50061008204FF /* NotoSansCJKkr-Regular.otf */ = {isa = PBXFileReference; lastKnownFileType = file; path = "NotoSansCJKkr-Regular.otf"; sourceTree = "<group>"; };
		52BDE67321D50061008204FF /* NotoSansCJKkr-Thin.otf */ = {isa = PBXFileReference; lastKnownFileType = file; path = "NotoSansCJKkr-Thin.otf"; sourceTree = "<group>"; };
		52BDE67421D50062008204FF /* NotoSansCJKkr-Bold.otf */ = {isa = PBXFileReference; lastKnownFileType = file; path = "NotoSansCJKkr-Bold.otf"; sourceTree = "<group>"; };
		52BDE67521D50062008204FF /* NotoSansCJKkr-DemiLight.otf */ = {isa = PBXFileReference; lastKnownFileType = file; path = "NotoSansCJKkr-DemiLight.otf"; sourceTree = "<group>"; };
		52BDE67621D50063008204FF /* NotoSansCJKkr-Light.otf */ = {isa = PBXFileReference; lastKnownFileType = file; path = "NotoSansCJKkr-Light.otf"; sourceTree = "<group>"; };
		52BDE67721D50064008204FF /* NotoSansCJKkr-Medium.otf */ = {isa = PBXFileReference; lastKnownFileType = file; path = "NotoSansCJKkr-Medium.otf"; sourceTree = "<group>"; };
		52BDE67821D50064008204FF /* NotoSansCJKkr-Black.otf */ = {isa = PBXFileReference; lastKnownFileType = file; path = "NotoSansCJKkr-Black.otf"; sourceTree = "<group>"; };
		52D2BC3221D6A89E005F48D3 /* APIRouter.swift */ = {isa = PBXFileReference; lastKnownFileType = sourcecode.swift; path = APIRouter.swift; sourceTree = "<group>"; };
		52D2BC3421D6AB19005F48D3 /* NetworkRequester.swift */ = {isa = PBXFileReference; lastKnownFileType = sourcecode.swift; path = NetworkRequester.swift; sourceTree = "<group>"; };
		52D2BC3721D6BDCB005F48D3 /* NetworkManager.swift */ = {isa = PBXFileReference; lastKnownFileType = sourcecode.swift; path = NetworkManager.swift; sourceTree = "<group>"; };
		52EA578321D3AA380012F53C /* ShopAddressTableViewCell.swift */ = {isa = PBXFileReference; lastKnownFileType = sourcecode.swift; path = ShopAddressTableViewCell.swift; sourceTree = "<group>"; };
		52EA578521D3AA6F0012F53C /* ShopReviewTableViewCell.swift */ = {isa = PBXFileReference; lastKnownFileType = sourcecode.swift; path = ShopReviewTableViewCell.swift; sourceTree = "<group>"; };
		C60D5008FEC6D2AA646AB039 /* Pods-Travely_iOS.debug.xcconfig */ = {isa = PBXFileReference; includeInIndex = 1; lastKnownFileType = text.xcconfig; name = "Pods-Travely_iOS.debug.xcconfig"; path = "Pods/Target Support Files/Pods-Travely_iOS/Pods-Travely_iOS.debug.xcconfig"; sourceTree = "<group>"; };
		D1CA4DDA21D62F3A003E1C7A /* TestTableViewController.swift */ = {isa = PBXFileReference; lastKnownFileType = sourcecode.swift; path = TestTableViewController.swift; sourceTree = "<group>"; };
		D1CA4DDC21D66D2A003E1C7A /* ReservationViewController.swift */ = {isa = PBXFileReference; lastKnownFileType = sourcecode.swift; path = ReservationViewController.swift; sourceTree = "<group>"; };
		D1CA4E0021D782A5003E1C7A /* Alert.storyboard */ = {isa = PBXFileReference; lastKnownFileType = file.storyboard; path = Alert.storyboard; sourceTree = "<group>"; };
		D1E16E1E21D78B92006EEC59 /* TestViewController5.swift */ = {isa = PBXFileReference; lastKnownFileType = sourcecode.swift; path = TestViewController5.swift; sourceTree = "<group>"; };
		D1E16E2021D78CB7006EEC59 /* ReservationAlertViewController.swift */ = {isa = PBXFileReference; lastKnownFileType = sourcecode.swift; path = ReservationAlertViewController.swift; sourceTree = "<group>"; };
		D1E16E2221D7926D006EEC59 /* CancelAlertViewController.swift */ = {isa = PBXFileReference; lastKnownFileType = sourcecode.swift; path = CancelAlertViewController.swift; sourceTree = "<group>"; };
		D1E16E2421D79657006EEC59 /* cancelConfirmViewController.swift */ = {isa = PBXFileReference; lastKnownFileType = sourcecode.swift; path = cancelConfirmViewController.swift; sourceTree = "<group>"; };
		FCA8F4C411292DF69C93159F /* Pods_Travely_iOS.framework */ = {isa = PBXFileReference; explicitFileType = wrapper.framework; includeInIndex = 0; path = Pods_Travely_iOS.framework; sourceTree = BUILT_PRODUCTS_DIR; };
/* End PBXFileReference section */

/* Begin PBXFrameworksBuildPhase section */
		52AB75ED21CF506F0002FB07 /* Frameworks */ = {
			isa = PBXFrameworksBuildPhase;
			buildActionMask = 2147483647;
			files = (
				58F65CFF372615526B72DC45 /* Pods_Travely_iOS.framework in Frameworks */,
			);
			runOnlyForDeploymentPostprocessing = 0;
		};
/* End PBXFrameworksBuildPhase section */

/* Begin PBXGroup section */
		52AB75E721CF506F0002FB07 = {
			isa = PBXGroup;
			children = (
				52AB75F221CF506F0002FB07 /* Travely_iOS */,
				52AB75F121CF506F0002FB07 /* Products */,
				A047BADDF6E147C3D62774C3 /* Pods */,
				B17064A94ED306BFE6B2F1D7 /* Frameworks */,
			);
			sourceTree = "<group>";
		};
		52AB75F121CF506F0002FB07 /* Products */ = {
			isa = PBXGroup;
			children = (
				52AB75F021CF506F0002FB07 /* Travely_iOS.app */,
			);
			name = Products;
			sourceTree = "<group>";
		};
		52AB75F221CF506F0002FB07 /* Travely_iOS */ = {
			isa = PBXGroup;
			children = (
				52D2BC2D21D6A6F9005F48D3 /* NetworkModule */,
				D122477821D0A47600B10C87 /* Extension */,
				52AB760821CF65840002FB07 /* LoginView */,
				D1CA4DFF21D78256003E1C7A /* AlertView */,
				52AB760721CF657E0002FB07 /* MainView */,
				52AB760621CF65690002FB07 /* Support */,
			);
			path = Travely_iOS;
			sourceTree = "<group>";
		};
		52AB760621CF65690002FB07 /* Support */ = {
			isa = PBXGroup;
			children = (
				52AB75F321CF506F0002FB07 /* AppDelegate.swift */,
				52AB75FA21CF50700002FB07 /* Assets.xcassets */,
				52AB75FC21CF50700002FB07 /* LaunchScreen.storyboard */,
				52AB75FF21CF50700002FB07 /* Info.plist */,
				52AB761121CF69240002FB07 /* ViewExtension.swift */,
				52BDE66D21D50051008204FF /* NanumSquareB.ttf */,
				52BDE66A21D50051008204FF /* NanumSquareEB.ttf */,
				52BDE66C21D50051008204FF /* NanumSquareL.ttf */,
				52BDE66B21D50051008204FF /* NanumSquareR.ttf */,
				52BDE67821D50064008204FF /* NotoSansCJKkr-Black.otf */,
				52BDE67421D50062008204FF /* NotoSansCJKkr-Bold.otf */,
				52BDE67521D50062008204FF /* NotoSansCJKkr-DemiLight.otf */,
				52BDE67621D50063008204FF /* NotoSansCJKkr-Light.otf */,
				52BDE67721D50064008204FF /* NotoSansCJKkr-Medium.otf */,
				52BDE67221D50061008204FF /* NotoSansCJKkr-Regular.otf */,
				52BDE67321D50061008204FF /* NotoSansCJKkr-Thin.otf */,
			);
			path = Support;
			sourceTree = "<group>";
		};
		52AB760721CF657E0002FB07 /* MainView */ = {
			isa = PBXGroup;
			children = (
				52986AFD21D28DC700601983 /* ReservationPicker.swift */,
				52AB75F521CF506F0002FB07 /* MainViewController.swift */,
				52AB760F21CF665B0002FB07 /* Main.storyboard */,
				52AB761621D0E9C40002FB07 /* SearchTableViewCell.swift */,
				52AB761721D0E9C40002FB07 /* SearchTableViewCell.xib */,
				52AB761A21D104810002FB07 /* DetailShopTableViewCell.swift */,
				52AB761B21D104810002FB07 /* DetailShopTableViewCell.xib */,
				52EA578321D3AA380012F53C /* ShopAddressTableViewCell.swift */,
				52EA578521D3AA6F0012F53C /* ShopReviewTableViewCell.swift */,
				D1CA4DDA21D62F3A003E1C7A /* TestTableViewController.swift */,
				D1CA4DDC21D66D2A003E1C7A /* ReservationViewController.swift */,
				D1E16E1E21D78B92006EEC59 /* TestViewController5.swift */,
			);
			path = MainView;
			sourceTree = "<group>";
		};
		52AB760821CF65840002FB07 /* LoginView */ = {
			isa = PBXGroup;
			children = (
				52AB760B21CF65ED0002FB07 /* LoginSignup.storyboard */,
				52AB760A21CF65ED0002FB07 /* LoginViewController.swift */,
				52AB760921CF65ED0002FB07 /* SignupViewController.swift */,
			);
			path = LoginView;
			sourceTree = "<group>";
		};
		52D2BC2D21D6A6F9005F48D3 /* NetworkModule */ = {
			isa = PBXGroup;
			children = (
				52D2BC2F21D6A711005F48D3 /* Network */,
				52D2BC2E21D6A707005F48D3 /* Model */,
			);
			path = NetworkModule;
			sourceTree = "<group>";
		};
		52D2BC2E21D6A707005F48D3 /* Model */ = {
			isa = PBXGroup;
			children = (
				52B899CB21D7364C00D2667D /* ErrorModel.swift */,
				5280E34C21D7B5A800829935 /* RegionListModel.swift */,
			);
			path = Model;
			sourceTree = "<group>";
		};
		52D2BC2F21D6A711005F48D3 /* Network */ = {
			isa = PBXGroup;
			children = (
				52D2BC3221D6A89E005F48D3 /* APIRouter.swift */,
				52D2BC3421D6AB19005F48D3 /* NetworkRequester.swift */,
				52D2BC3721D6BDCB005F48D3 /* NetworkManager.swift */,
			);
			path = Network;
			sourceTree = "<group>";
		};
		A047BADDF6E147C3D62774C3 /* Pods */ = {
			isa = PBXGroup;
			children = (
				C60D5008FEC6D2AA646AB039 /* Pods-Travely_iOS.debug.xcconfig */,
				3ED19096FC49769E399B9F60 /* Pods-Travely_iOS.release.xcconfig */,
			);
			name = Pods;
			sourceTree = "<group>";
		};
		B17064A94ED306BFE6B2F1D7 /* Frameworks */ = {
			isa = PBXGroup;
			children = (
				FCA8F4C411292DF69C93159F /* Pods_Travely_iOS.framework */,
			);
			name = Frameworks;
			sourceTree = "<group>";
		};
		D122477821D0A47600B10C87 /* Extension */ = {
			isa = PBXGroup;
			children = (
				52986AFB21D28DB100601983 /* UIColor.swift */,
			);
			path = Extension;
			sourceTree = "<group>";
		};
		D1CA4DFF21D78256003E1C7A /* AlertView */ = {
			isa = PBXGroup;
			children = (
				D1CA4E0021D782A5003E1C7A /* Alert.storyboard */,
				D1E16E2021D78CB7006EEC59 /* ReservationAlertViewController.swift */,
				D1E16E2221D7926D006EEC59 /* CancelAlertViewController.swift */,
				D1E16E2421D79657006EEC59 /* cancelConfirmViewController.swift */,
			);
			path = AlertView;
			sourceTree = "<group>";
		};
/* End PBXGroup section */

/* Begin PBXNativeTarget section */
		52AB75EF21CF506F0002FB07 /* Travely_iOS */ = {
			isa = PBXNativeTarget;
			buildConfigurationList = 52AB760221CF50700002FB07 /* Build configuration list for PBXNativeTarget "Travely_iOS" */;
			buildPhases = (
				4B7111D54DD45C3F3FD02B36 /* [CP] Check Pods Manifest.lock */,
				52AB75EC21CF506F0002FB07 /* Sources */,
				52AB75ED21CF506F0002FB07 /* Frameworks */,
				52AB75EE21CF506F0002FB07 /* Resources */,
				20CE334B2168DE4D16E87F15 /* [CP] Embed Pods Frameworks */,
				6B5EFD4059158B6550557D85 /* [CP] Copy Pods Resources */,
			);
			buildRules = (
			);
			dependencies = (
			);
			name = Travely_iOS;
			productName = Travely_iOS;
			productReference = 52AB75F021CF506F0002FB07 /* Travely_iOS.app */;
			productType = "com.apple.product-type.application";
		};
/* End PBXNativeTarget section */

/* Begin PBXProject section */
		52AB75E821CF506F0002FB07 /* Project object */ = {
			isa = PBXProject;
			attributes = {
				LastSwiftUpdateCheck = 1010;
				LastUpgradeCheck = 1010;
				ORGANIZATIONNAME = "신동규";
				TargetAttributes = {
					52AB75EF21CF506F0002FB07 = {
						CreatedOnToolsVersion = 10.1;
					};
				};
			};
			buildConfigurationList = 52AB75EB21CF506F0002FB07 /* Build configuration list for PBXProject "Travely_iOS" */;
			compatibilityVersion = "Xcode 9.3";
			developmentRegion = en;
			hasScannedForEncodings = 0;
			knownRegions = (
				en,
				Base,
			);
			mainGroup = 52AB75E721CF506F0002FB07;
			productRefGroup = 52AB75F121CF506F0002FB07 /* Products */;
			projectDirPath = "";
			projectRoot = "";
			targets = (
				52AB75EF21CF506F0002FB07 /* Travely_iOS */,
			);
		};
/* End PBXProject section */

/* Begin PBXResourcesBuildPhase section */
		52AB75EE21CF506F0002FB07 /* Resources */ = {
			isa = PBXResourcesBuildPhase;
			buildActionMask = 2147483647;
			files = (
				52BDE67C21D50064008204FF /* NotoSansCJKkr-DemiLight.otf in Resources */,
				52AB760E21CF65ED0002FB07 /* LoginSignup.storyboard in Resources */,
				52BDE67F21D50064008204FF /* NotoSansCJKkr-Black.otf in Resources */,
				52AB75FE21CF50700002FB07 /* LaunchScreen.storyboard in Resources */,
				52BDE67121D50051008204FF /* NanumSquareB.ttf in Resources */,
				52BDE67A21D50064008204FF /* NotoSansCJKkr-Thin.otf in Resources */,
				52BDE67B21D50064008204FF /* NotoSansCJKkr-Bold.otf in Resources */,
				52AB75FB21CF50700002FB07 /* Assets.xcassets in Resources */,
				52BDE67E21D50064008204FF /* NotoSansCJKkr-Medium.otf in Resources */,
				52AB761021CF665B0002FB07 /* Main.storyboard in Resources */,
				52BDE67021D50051008204FF /* NanumSquareL.ttf in Resources */,
				D1CA4E0121D782A5003E1C7A /* Alert.storyboard in Resources */,
				52AB761D21D104810002FB07 /* DetailShopTableViewCell.xib in Resources */,
				52BDE67D21D50064008204FF /* NotoSansCJKkr-Light.otf in Resources */,
				52BDE66E21D50051008204FF /* NanumSquareEB.ttf in Resources */,
				52BDE66F21D50051008204FF /* NanumSquareR.ttf in Resources */,
				52AB761921D0E9C40002FB07 /* SearchTableViewCell.xib in Resources */,
				52BDE67921D50064008204FF /* NotoSansCJKkr-Regular.otf in Resources */,
			);
			runOnlyForDeploymentPostprocessing = 0;
		};
/* End PBXResourcesBuildPhase section */

/* Begin PBXShellScriptBuildPhase section */
		20CE334B2168DE4D16E87F15 /* [CP] Embed Pods Frameworks */ = {
			isa = PBXShellScriptBuildPhase;
			buildActionMask = 2147483647;
			files = (
			);
			inputFileListPaths = (
			);
			inputPaths = (
				"${SRCROOT}/Pods/Target Support Files/Pods-Travely_iOS/Pods-Travely_iOS-frameworks.sh",
				"${BUILT_PRODUCTS_DIR}/Alamofire/Alamofire.framework",
				"${BUILT_PRODUCTS_DIR}/ExpandableCell/ExpandableCell.framework",
				"${BUILT_PRODUCTS_DIR}/IQKeyboardManagerSwift/IQKeyboardManagerSwift.framework",
				"${BUILT_PRODUCTS_DIR}/Kingfisher/Kingfisher.framework",
				"${BUILT_PRODUCTS_DIR}/SwiftyJSON/SwiftyJSON.framework",
			);
			name = "[CP] Embed Pods Frameworks";
			outputFileListPaths = (
			);
			outputPaths = (
				"${TARGET_BUILD_DIR}/${FRAMEWORKS_FOLDER_PATH}/Alamofire.framework",
				"${TARGET_BUILD_DIR}/${FRAMEWORKS_FOLDER_PATH}/ExpandableCell.framework",
				"${TARGET_BUILD_DIR}/${FRAMEWORKS_FOLDER_PATH}/IQKeyboardManagerSwift.framework",
				"${TARGET_BUILD_DIR}/${FRAMEWORKS_FOLDER_PATH}/Kingfisher.framework",
				"${TARGET_BUILD_DIR}/${FRAMEWORKS_FOLDER_PATH}/SwiftyJSON.framework",
			);
			runOnlyForDeploymentPostprocessing = 0;
			shellPath = /bin/sh;
			shellScript = "\"${SRCROOT}/Pods/Target Support Files/Pods-Travely_iOS/Pods-Travely_iOS-frameworks.sh\"\n";
			showEnvVarsInLog = 0;
		};
		4B7111D54DD45C3F3FD02B36 /* [CP] Check Pods Manifest.lock */ = {
			isa = PBXShellScriptBuildPhase;
			buildActionMask = 2147483647;
			files = (
			);
			inputFileListPaths = (
			);
			inputPaths = (
				"${PODS_PODFILE_DIR_PATH}/Podfile.lock",
				"${PODS_ROOT}/Manifest.lock",
			);
			name = "[CP] Check Pods Manifest.lock";
			outputFileListPaths = (
			);
			outputPaths = (
				"$(DERIVED_FILE_DIR)/Pods-Travely_iOS-checkManifestLockResult.txt",
			);
			runOnlyForDeploymentPostprocessing = 0;
			shellPath = /bin/sh;
			shellScript = "diff \"${PODS_PODFILE_DIR_PATH}/Podfile.lock\" \"${PODS_ROOT}/Manifest.lock\" > /dev/null\nif [ $? != 0 ] ; then\n    # print error to STDERR\n    echo \"error: The sandbox is not in sync with the Podfile.lock. Run 'pod install' or update your CocoaPods installation.\" >&2\n    exit 1\nfi\n# This output is used by Xcode 'outputs' to avoid re-running this script phase.\necho \"SUCCESS\" > \"${SCRIPT_OUTPUT_FILE_0}\"\n";
			showEnvVarsInLog = 0;
		};
		6B5EFD4059158B6550557D85 /* [CP] Copy Pods Resources */ = {
			isa = PBXShellScriptBuildPhase;
			buildActionMask = 2147483647;
			files = (
			);
			inputFileListPaths = (
			);
			inputPaths = (
				"${SRCROOT}/Pods/Target Support Files/Pods-Travely_iOS/Pods-Travely_iOS-resources.sh",
				"${PODS_ROOT}/GoogleMaps/Maps/Frameworks/GoogleMaps.framework/Resources/GoogleMaps.bundle",
			);
			name = "[CP] Copy Pods Resources";
			outputFileListPaths = (
			);
			outputPaths = (
				"${TARGET_BUILD_DIR}/${UNLOCALIZED_RESOURCES_FOLDER_PATH}/GoogleMaps.bundle",
			);
			runOnlyForDeploymentPostprocessing = 0;
			shellPath = /bin/sh;
			shellScript = "\"${SRCROOT}/Pods/Target Support Files/Pods-Travely_iOS/Pods-Travely_iOS-resources.sh\"\n";
			showEnvVarsInLog = 0;
		};
/* End PBXShellScriptBuildPhase section */

/* Begin PBXSourcesBuildPhase section */
		52AB75EC21CF506F0002FB07 /* Sources */ = {
			isa = PBXSourcesBuildPhase;
			buildActionMask = 2147483647;
			files = (
				52AB760D21CF65ED0002FB07 /* LoginViewController.swift in Sources */,
				5280E34D21D7B5A800829935 /* RegionListModel.swift in Sources */,
				52986AFE21D28DC700601983 /* ReservationPicker.swift in Sources */,
				52AB760C21CF65ED0002FB07 /* SignupViewController.swift in Sources */,
				52AB761C21D104810002FB07 /* DetailShopTableViewCell.swift in Sources */,
				52AB75F621CF506F0002FB07 /* MainViewController.swift in Sources */,
				52B899CC21D7364C00D2667D /* ErrorModel.swift in Sources */,
				52AB761821D0E9C40002FB07 /* SearchTableViewCell.swift in Sources */,
				D1E16E1F21D78B92006EEC59 /* TestViewController5.swift in Sources */,
				D1E16E2321D7926D006EEC59 /* CancelAlertViewController.swift in Sources */,
				52AB75F421CF506F0002FB07 /* AppDelegate.swift in Sources */,
				52D2BC3321D6A89E005F48D3 /* APIRouter.swift in Sources */,
				52EA578421D3AA380012F53C /* ShopAddressTableViewCell.swift in Sources */,
				52EA578621D3AA6F0012F53C /* ShopReviewTableViewCell.swift in Sources */,
				52AB761221CF69240002FB07 /* ViewExtension.swift in Sources */,
				D1CA4DDD21D66D2A003E1C7A /* ReservationViewController.swift in Sources */,
				D1E16E2521D79657006EEC59 /* cancelConfirmViewController.swift in Sources */,
				52986AFC21D28DB100601983 /* UIColor.swift in Sources */,
				D1E16E2121D78CB7006EEC59 /* ReservationAlertViewController.swift in Sources */,
				D1CA4DDB21D62F3A003E1C7A /* TestTableViewController.swift in Sources */,

			);
			runOnlyForDeploymentPostprocessing = 0;
		};
/* End PBXSourcesBuildPhase section */

/* Begin PBXVariantGroup section */
		52AB75FC21CF50700002FB07 /* LaunchScreen.storyboard */ = {
			isa = PBXVariantGroup;
			children = (
				52AB75FD21CF50700002FB07 /* Base */,
			);
			name = LaunchScreen.storyboard;
			sourceTree = "<group>";
		};
/* End PBXVariantGroup section */

/* Begin XCBuildConfiguration section */
		52AB760021CF50700002FB07 /* Debug */ = {
			isa = XCBuildConfiguration;
			buildSettings = {
				ALWAYS_SEARCH_USER_PATHS = NO;
				CLANG_ANALYZER_LOCALIZABILITY_NONLOCALIZED = YES;
				CLANG_ANALYZER_NONNULL = YES;
				CLANG_ANALYZER_NUMBER_OBJECT_CONVERSION = YES_AGGRESSIVE;
				CLANG_CXX_LANGUAGE_STANDARD = "gnu++14";
				CLANG_CXX_LIBRARY = "libc++";
				CLANG_ENABLE_MODULES = YES;
				CLANG_ENABLE_OBJC_ARC = YES;
				CLANG_ENABLE_OBJC_WEAK = YES;
				CLANG_WARN_BLOCK_CAPTURE_AUTORELEASING = YES;
				CLANG_WARN_BOOL_CONVERSION = YES;
				CLANG_WARN_COMMA = YES;
				CLANG_WARN_CONSTANT_CONVERSION = YES;
				CLANG_WARN_DEPRECATED_OBJC_IMPLEMENTATIONS = YES;
				CLANG_WARN_DIRECT_OBJC_ISA_USAGE = YES_ERROR;
				CLANG_WARN_DOCUMENTATION_COMMENTS = YES;
				CLANG_WARN_EMPTY_BODY = YES;
				CLANG_WARN_ENUM_CONVERSION = YES;
				CLANG_WARN_INFINITE_RECURSION = YES;
				CLANG_WARN_INT_CONVERSION = YES;
				CLANG_WARN_NON_LITERAL_NULL_CONVERSION = YES;
				CLANG_WARN_OBJC_IMPLICIT_RETAIN_SELF = YES;
				CLANG_WARN_OBJC_LITERAL_CONVERSION = YES;
				CLANG_WARN_OBJC_ROOT_CLASS = YES_ERROR;
				CLANG_WARN_RANGE_LOOP_ANALYSIS = YES;
				CLANG_WARN_STRICT_PROTOTYPES = YES;
				CLANG_WARN_SUSPICIOUS_MOVE = YES;
				CLANG_WARN_UNGUARDED_AVAILABILITY = YES_AGGRESSIVE;
				CLANG_WARN_UNREACHABLE_CODE = YES;
				CLANG_WARN__DUPLICATE_METHOD_MATCH = YES;
				CODE_SIGN_IDENTITY = "iPhone Developer";
				COPY_PHASE_STRIP = NO;
				DEBUG_INFORMATION_FORMAT = dwarf;
				ENABLE_STRICT_OBJC_MSGSEND = YES;
				ENABLE_TESTABILITY = YES;
				GCC_C_LANGUAGE_STANDARD = gnu11;
				GCC_DYNAMIC_NO_PIC = NO;
				GCC_NO_COMMON_BLOCKS = YES;
				GCC_OPTIMIZATION_LEVEL = 0;
				GCC_PREPROCESSOR_DEFINITIONS = (
					"DEBUG=1",
					"$(inherited)",
				);
				GCC_WARN_64_TO_32_BIT_CONVERSION = YES;
				GCC_WARN_ABOUT_RETURN_TYPE = YES_ERROR;
				GCC_WARN_UNDECLARED_SELECTOR = YES;
				GCC_WARN_UNINITIALIZED_AUTOS = YES_AGGRESSIVE;
				GCC_WARN_UNUSED_FUNCTION = YES;
				GCC_WARN_UNUSED_VARIABLE = YES;
				IPHONEOS_DEPLOYMENT_TARGET = 10.0;
				MTL_ENABLE_DEBUG_INFO = INCLUDE_SOURCE;
				MTL_FAST_MATH = YES;
				ONLY_ACTIVE_ARCH = YES;
				SDKROOT = iphoneos;
				SWIFT_ACTIVE_COMPILATION_CONDITIONS = DEBUG;
				SWIFT_OPTIMIZATION_LEVEL = "-Onone";
			};
			name = Debug;
		};
		52AB760121CF50700002FB07 /* Release */ = {
			isa = XCBuildConfiguration;
			buildSettings = {
				ALWAYS_SEARCH_USER_PATHS = NO;
				CLANG_ANALYZER_LOCALIZABILITY_NONLOCALIZED = YES;
				CLANG_ANALYZER_NONNULL = YES;
				CLANG_ANALYZER_NUMBER_OBJECT_CONVERSION = YES_AGGRESSIVE;
				CLANG_CXX_LANGUAGE_STANDARD = "gnu++14";
				CLANG_CXX_LIBRARY = "libc++";
				CLANG_ENABLE_MODULES = YES;
				CLANG_ENABLE_OBJC_ARC = YES;
				CLANG_ENABLE_OBJC_WEAK = YES;
				CLANG_WARN_BLOCK_CAPTURE_AUTORELEASING = YES;
				CLANG_WARN_BOOL_CONVERSION = YES;
				CLANG_WARN_COMMA = YES;
				CLANG_WARN_CONSTANT_CONVERSION = YES;
				CLANG_WARN_DEPRECATED_OBJC_IMPLEMENTATIONS = YES;
				CLANG_WARN_DIRECT_OBJC_ISA_USAGE = YES_ERROR;
				CLANG_WARN_DOCUMENTATION_COMMENTS = YES;
				CLANG_WARN_EMPTY_BODY = YES;
				CLANG_WARN_ENUM_CONVERSION = YES;
				CLANG_WARN_INFINITE_RECURSION = YES;
				CLANG_WARN_INT_CONVERSION = YES;
				CLANG_WARN_NON_LITERAL_NULL_CONVERSION = YES;
				CLANG_WARN_OBJC_IMPLICIT_RETAIN_SELF = YES;
				CLANG_WARN_OBJC_LITERAL_CONVERSION = YES;
				CLANG_WARN_OBJC_ROOT_CLASS = YES_ERROR;
				CLANG_WARN_RANGE_LOOP_ANALYSIS = YES;
				CLANG_WARN_STRICT_PROTOTYPES = YES;
				CLANG_WARN_SUSPICIOUS_MOVE = YES;
				CLANG_WARN_UNGUARDED_AVAILABILITY = YES_AGGRESSIVE;
				CLANG_WARN_UNREACHABLE_CODE = YES;
				CLANG_WARN__DUPLICATE_METHOD_MATCH = YES;
				CODE_SIGN_IDENTITY = "iPhone Developer";
				COPY_PHASE_STRIP = NO;
				DEBUG_INFORMATION_FORMAT = "dwarf-with-dsym";
				ENABLE_NS_ASSERTIONS = NO;
				ENABLE_STRICT_OBJC_MSGSEND = YES;
				GCC_C_LANGUAGE_STANDARD = gnu11;
				GCC_NO_COMMON_BLOCKS = YES;
				GCC_WARN_64_TO_32_BIT_CONVERSION = YES;
				GCC_WARN_ABOUT_RETURN_TYPE = YES_ERROR;
				GCC_WARN_UNDECLARED_SELECTOR = YES;
				GCC_WARN_UNINITIALIZED_AUTOS = YES_AGGRESSIVE;
				GCC_WARN_UNUSED_FUNCTION = YES;
				GCC_WARN_UNUSED_VARIABLE = YES;
				IPHONEOS_DEPLOYMENT_TARGET = 10.0;
				MTL_ENABLE_DEBUG_INFO = NO;
				MTL_FAST_MATH = YES;
				SDKROOT = iphoneos;
				SWIFT_COMPILATION_MODE = wholemodule;
				SWIFT_OPTIMIZATION_LEVEL = "-O";
				VALIDATE_PRODUCT = YES;
			};
			name = Release;
		};
		52AB760321CF50700002FB07 /* Debug */ = {
			isa = XCBuildConfiguration;
			baseConfigurationReference = C60D5008FEC6D2AA646AB039 /* Pods-Travely_iOS.debug.xcconfig */;
			buildSettings = {
				ASSETCATALOG_COMPILER_APPICON_NAME = AppIcon;
				CODE_SIGN_STYLE = Automatic;
				DEVELOPMENT_TEAM = 6D8SYQ63KK;
				INFOPLIST_FILE = "$(SRCROOT)/Travely_iOS/Support/Info.plist";
				IPHONEOS_DEPLOYMENT_TARGET = 11.0;
				LD_RUNPATH_SEARCH_PATHS = (
					"$(inherited)",
					"@executable_path/Frameworks",
				);
				PRODUCT_BUNDLE_IDENTIFIER = "dongkyushin.Travely-iOS";
				PRODUCT_NAME = "$(TARGET_NAME)";
				SWIFT_VERSION = 4.2;
				TARGETED_DEVICE_FAMILY = "1,2";
			};
			name = Debug;
		};
		52AB760421CF50700002FB07 /* Release */ = {
			isa = XCBuildConfiguration;
			baseConfigurationReference = 3ED19096FC49769E399B9F60 /* Pods-Travely_iOS.release.xcconfig */;
			buildSettings = {
				ASSETCATALOG_COMPILER_APPICON_NAME = AppIcon;
				CODE_SIGN_STYLE = Automatic;
				DEVELOPMENT_TEAM = 6D8SYQ63KK;
				INFOPLIST_FILE = "$(SRCROOT)/Travely_iOS/Support/Info.plist";
				IPHONEOS_DEPLOYMENT_TARGET = 11.0;
				LD_RUNPATH_SEARCH_PATHS = (
					"$(inherited)",
					"@executable_path/Frameworks",
				);
				PRODUCT_BUNDLE_IDENTIFIER = "dongkyushin.Travely-iOS";
				PRODUCT_NAME = "$(TARGET_NAME)";
				SWIFT_VERSION = 4.2;
				TARGETED_DEVICE_FAMILY = "1,2";
			};
			name = Release;
		};
/* End XCBuildConfiguration section */

/* Begin XCConfigurationList section */
		52AB75EB21CF506F0002FB07 /* Build configuration list for PBXProject "Travely_iOS" */ = {
			isa = XCConfigurationList;
			buildConfigurations = (
				52AB760021CF50700002FB07 /* Debug */,
				52AB760121CF50700002FB07 /* Release */,
			);
			defaultConfigurationIsVisible = 0;
			defaultConfigurationName = Release;
		};
		52AB760221CF50700002FB07 /* Build configuration list for PBXNativeTarget "Travely_iOS" */ = {
			isa = XCConfigurationList;
			buildConfigurations = (
				52AB760321CF50700002FB07 /* Debug */,
				52AB760421CF50700002FB07 /* Release */,
			);
			defaultConfigurationIsVisible = 0;
			defaultConfigurationName = Release;
		};
/* End XCConfigurationList section */
	};
	rootObject = 52AB75E821CF506F0002FB07 /* Project object */;
}
