// !$*UTF8*$!
{
	archiveVersion = 1;
	classes = {
	};
	objectVersion = 50;
	objects = {

/* Begin PBXBuildFile section */
		5202615221E22F7100C3EDA7 /* MakeReviewPopupViewController.swift in Sources */ = {isa = PBXBuildFile; fileRef = 5202615121E22F7100C3EDA7 /* MakeReviewPopupViewController.swift */; };
		5202615421E247A600C3EDA7 /* ReviewModel.swift in Sources */ = {isa = PBXBuildFile; fileRef = 5202615321E247A600C3EDA7 /* ReviewModel.swift */; };
		5202616221E271D500C3EDA7 /* Code.swift in Sources */ = {isa = PBXBuildFile; fileRef = 5202615621E271D500C3EDA7 /* Code.swift */; };
		5202616321E271D500C3EDA7 /* CurrentLocation.swift in Sources */ = {isa = PBXBuildFile; fileRef = 5202615721E271D500C3EDA7 /* CurrentLocation.swift */; };
		5202616421E271D500C3EDA7 /* Coords.swift in Sources */ = {isa = PBXBuildFile; fileRef = 5202615821E271D500C3EDA7 /* Coords.swift */; };
		5202616521E271D500C3EDA7 /* Status.swift in Sources */ = {isa = PBXBuildFile; fileRef = 5202615921E271D500C3EDA7 /* Status.swift */; };
		5202616621E271D500C3EDA7 /* Region.swift in Sources */ = {isa = PBXBuildFile; fileRef = 5202615A21E271D500C3EDA7 /* Region.swift */; };
		5202616721E271D500C3EDA7 /* Results.swift in Sources */ = {isa = PBXBuildFile; fileRef = 5202615B21E271D500C3EDA7 /* Results.swift */; };
		5202616821E271D500C3EDA7 /* Area1.swift in Sources */ = {isa = PBXBuildFile; fileRef = 5202615C21E271D500C3EDA7 /* Area1.swift */; };
		5202616921E271D500C3EDA7 /* Area2.swift in Sources */ = {isa = PBXBuildFile; fileRef = 5202615D21E271D500C3EDA7 /* Area2.swift */; };
		5202616A21E271D500C3EDA7 /* Area4.swift in Sources */ = {isa = PBXBuildFile; fileRef = 5202615E21E271D500C3EDA7 /* Area4.swift */; };
		5202616B21E271D500C3EDA7 /* Area3.swift in Sources */ = {isa = PBXBuildFile; fileRef = 5202615F21E271D500C3EDA7 /* Area3.swift */; };
		5202616C21E271D500C3EDA7 /* Center.swift in Sources */ = {isa = PBXBuildFile; fileRef = 5202616021E271D500C3EDA7 /* Center.swift */; };
		5202616D21E271D500C3EDA7 /* Area0.swift in Sources */ = {isa = PBXBuildFile; fileRef = 5202616121E271D500C3EDA7 /* Area0.swift */; };
		521FC83021D8B8D600CFD955 /* NanumSquareEB.ttf in Resources */ = {isa = PBXBuildFile; fileRef = 521FC82F21D8B8D600CFD955 /* NanumSquareEB.ttf */; };
		5280E34D21D7B5A800829935 /* RegionListModel.swift in Sources */ = {isa = PBXBuildFile; fileRef = 5280E34C21D7B5A800829935 /* RegionListModel.swift */; };
		528D962421DBDC2E00FC46D1 /* Main.storyboard in Resources */ = {isa = PBXBuildFile; fileRef = 528D962321DBDC2E00FC46D1 /* Main.storyboard */; };
		528D962721DBEF1E00FC46D1 /* EmptyReviewTableViewCell.swift in Sources */ = {isa = PBXBuildFile; fileRef = 528D962521DBEF1E00FC46D1 /* EmptyReviewTableViewCell.swift */; };
		52986AFC21D28DB100601983 /* UIColor.swift in Sources */ = {isa = PBXBuildFile; fileRef = 52986AFB21D28DB100601983 /* UIColor.swift */; };
		52986AFE21D28DC700601983 /* ReservationPicker.swift in Sources */ = {isa = PBXBuildFile; fileRef = 52986AFD21D28DC700601983 /* ReservationPicker.swift */; };
		52AA4B4721DAB36B00442C9A /* ReviewHeaderTableViewCell.swift in Sources */ = {isa = PBXBuildFile; fileRef = 52AA4B4621DAB36B00442C9A /* ReviewHeaderTableViewCell.swift */; };
		52AB75F421CF506F0002FB07 /* AppDelegate.swift in Sources */ = {isa = PBXBuildFile; fileRef = 52AB75F321CF506F0002FB07 /* AppDelegate.swift */; };
		52AB75F621CF506F0002FB07 /* MainViewController.swift in Sources */ = {isa = PBXBuildFile; fileRef = 52AB75F521CF506F0002FB07 /* MainViewController.swift */; };
		52AB75FB21CF50700002FB07 /* Assets.xcassets in Resources */ = {isa = PBXBuildFile; fileRef = 52AB75FA21CF50700002FB07 /* Assets.xcassets */; };
		52AB75FE21CF50700002FB07 /* LaunchScreen.storyboard in Resources */ = {isa = PBXBuildFile; fileRef = 52AB75FC21CF50700002FB07 /* LaunchScreen.storyboard */; };
		52AB760C21CF65ED0002FB07 /* SignupViewController.swift in Sources */ = {isa = PBXBuildFile; fileRef = 52AB760921CF65ED0002FB07 /* SignupViewController.swift */; };
		52AB760D21CF65ED0002FB07 /* LoginViewController.swift in Sources */ = {isa = PBXBuildFile; fileRef = 52AB760A21CF65ED0002FB07 /* LoginViewController.swift */; };
		52AB760E21CF65ED0002FB07 /* LoginSignup.storyboard in Resources */ = {isa = PBXBuildFile; fileRef = 52AB760B21CF65ED0002FB07 /* LoginSignup.storyboard */; };
		52AB761221CF69240002FB07 /* ViewExtension.swift in Sources */ = {isa = PBXBuildFile; fileRef = 52AB761121CF69240002FB07 /* ViewExtension.swift */; };
		52AB761821D0E9C40002FB07 /* SearchTableViewCell.swift in Sources */ = {isa = PBXBuildFile; fileRef = 52AB761621D0E9C40002FB07 /* SearchTableViewCell.swift */; };
		52AB761921D0E9C40002FB07 /* SearchTableViewCell.xib in Resources */ = {isa = PBXBuildFile; fileRef = 52AB761721D0E9C40002FB07 /* SearchTableViewCell.xib */; };
		52AB761C21D104810002FB07 /* DetailShopTableViewCell.swift in Sources */ = {isa = PBXBuildFile; fileRef = 52AB761A21D104810002FB07 /* DetailShopTableViewCell.swift */; };
		52AB761D21D104810002FB07 /* DetailShopTableViewCell.xib in Resources */ = {isa = PBXBuildFile; fileRef = 52AB761B21D104810002FB07 /* DetailShopTableViewCell.xib */; };
		52B899CC21D7364C00D2667D /* ErrorModel.swift in Sources */ = {isa = PBXBuildFile; fileRef = 52B899CB21D7364C00D2667D /* ErrorModel.swift */; };
		52BD7CEA21D8C6D800EDD75D /* StoreListModel.swift in Sources */ = {isa = PBXBuildFile; fileRef = 52BD7CE921D8C6D800EDD75D /* StoreListModel.swift */; };
		52BD7CF421D8DE3D00EDD75D /* SimpleStoreResponseDtos.swift in Sources */ = {isa = PBXBuildFile; fileRef = 52BD7CF321D8DE3D00EDD75D /* SimpleStoreResponseDtos.swift */; };
		52BDE66F21D50051008204FF /* NanumSquareR.ttf in Resources */ = {isa = PBXBuildFile; fileRef = 52BDE66B21D50051008204FF /* NanumSquareR.ttf */; };
		52BDE67021D50051008204FF /* NanumSquareL.ttf in Resources */ = {isa = PBXBuildFile; fileRef = 52BDE66C21D50051008204FF /* NanumSquareL.ttf */; };
		52BDE67121D50051008204FF /* NanumSquareB.ttf in Resources */ = {isa = PBXBuildFile; fileRef = 52BDE66D21D50051008204FF /* NanumSquareB.ttf */; };
		52BDE67921D50064008204FF /* NotoSansCJKkr-Regular.otf in Resources */ = {isa = PBXBuildFile; fileRef = 52BDE67221D50061008204FF /* NotoSansCJKkr-Regular.otf */; };
		52BDE67A21D50064008204FF /* NotoSansCJKkr-Thin.otf in Resources */ = {isa = PBXBuildFile; fileRef = 52BDE67321D50061008204FF /* NotoSansCJKkr-Thin.otf */; };
		52BDE67B21D50064008204FF /* NotoSansCJKkr-Bold.otf in Resources */ = {isa = PBXBuildFile; fileRef = 52BDE67421D50062008204FF /* NotoSansCJKkr-Bold.otf */; };
		52BDE67C21D50064008204FF /* NotoSansCJKkr-DemiLight.otf in Resources */ = {isa = PBXBuildFile; fileRef = 52BDE67521D50062008204FF /* NotoSansCJKkr-DemiLight.otf */; };
		52BDE67D21D50064008204FF /* NotoSansCJKkr-Light.otf in Resources */ = {isa = PBXBuildFile; fileRef = 52BDE67621D50063008204FF /* NotoSansCJKkr-Light.otf */; };
		52BDE67E21D50064008204FF /* NotoSansCJKkr-Medium.otf in Resources */ = {isa = PBXBuildFile; fileRef = 52BDE67721D50064008204FF /* NotoSansCJKkr-Medium.otf */; };
		52BDE67F21D50064008204FF /* NotoSansCJKkr-Black.otf in Resources */ = {isa = PBXBuildFile; fileRef = 52BDE67821D50064008204FF /* NotoSansCJKkr-Black.otf */; };
		52D174B821E132E300CD28ED /* LoginModel.swift in Sources */ = {isa = PBXBuildFile; fileRef = 52D174B721E132E300CD28ED /* LoginModel.swift */; };
		52D2BC3321D6A89E005F48D3 /* APIRouter.swift in Sources */ = {isa = PBXBuildFile; fileRef = 52D2BC3221D6A89E005F48D3 /* APIRouter.swift */; };
		52D2BC3521D6AB19005F48D3 /* NetworkRequester.swift in Sources */ = {isa = PBXBuildFile; fileRef = 52D2BC3421D6AB19005F48D3 /* NetworkRequester.swift */; };
		52D2BC3821D6BDCB005F48D3 /* NetworkManager.swift in Sources */ = {isa = PBXBuildFile; fileRef = 52D2BC3721D6BDCB005F48D3 /* NetworkManager.swift */; };
		52DAACD321E0B20B00B000A7 /* AppGuidePageViewController.swift in Sources */ = {isa = PBXBuildFile; fileRef = 52DAACD221E0B20B00B000A7 /* AppGuidePageViewController.swift */; };
		52DAACD521E0B5A800B000A7 /* AppGuideViewController.swift in Sources */ = {isa = PBXBuildFile; fileRef = 52DAACD421E0B5A800B000A7 /* AppGuideViewController.swift */; };
		52DAACD721E1001E00B000A7 /* LastGuideViewController.swift in Sources */ = {isa = PBXBuildFile; fileRef = 52DAACD621E1001E00B000A7 /* LastGuideViewController.swift */; };
		52EA578421D3AA380012F53C /* ShopAddressTableViewCell.swift in Sources */ = {isa = PBXBuildFile; fileRef = 52EA578321D3AA380012F53C /* ShopAddressTableViewCell.swift */; };
		52EA578621D3AA6F0012F53C /* ShopReviewTableViewCell.swift in Sources */ = {isa = PBXBuildFile; fileRef = 52EA578521D3AA6F0012F53C /* ShopReviewTableViewCell.swift */; };
		52EDFB5C21DA2FC400A83CC0 /* ReviewResponseDtos.swift in Sources */ = {isa = PBXBuildFile; fileRef = 52EDFB5921DA2FC400A83CC0 /* ReviewResponseDtos.swift */; };
		52EDFB5D21DA2FC400A83CC0 /* StoreDetailModel.swift in Sources */ = {isa = PBXBuildFile; fileRef = 52EDFB5A21DA2FC400A83CC0 /* StoreDetailModel.swift */; };
		52EDFB5E21DA2FC400A83CC0 /* StoreImageResponseDtos.swift in Sources */ = {isa = PBXBuildFile; fileRef = 52EDFB5B21DA2FC400A83CC0 /* StoreImageResponseDtos.swift */; };
		52EDFB6021DA425700A83CC0 /* RestWeekResponseDtos.swift in Sources */ = {isa = PBXBuildFile; fileRef = 52EDFB5F21DA425700A83CC0 /* RestWeekResponseDtos.swift */; };
		52F2481A21DF7BEE003F6989 /* MyPageViewController.swift in Sources */ = {isa = PBXBuildFile; fileRef = 52F2481921DF7BEE003F6989 /* MyPageViewController.swift */; };
		52F2481C21DF9A5C003F6989 /* RecentStorageTableViewCell.swift in Sources */ = {isa = PBXBuildFile; fileRef = 52F2481B21DF9A5C003F6989 /* RecentStorageTableViewCell.swift */; };
		52F2481E21DFAB25003F6989 /* FavoriteStoreViewController.swift in Sources */ = {isa = PBXBuildFile; fileRef = 52F2481D21DFAB25003F6989 /* FavoriteStoreViewController.swift */; };
		52F2482221DFADE4003F6989 /* FavoriteStoreTableViewCell.swift in Sources */ = {isa = PBXBuildFile; fileRef = 52F2482121DFADE4003F6989 /* FavoriteStoreTableViewCell.swift */; };
		52F2482421DFADF6003F6989 /* FavoriteRegionTableViewCell.swift in Sources */ = {isa = PBXBuildFile; fileRef = 52F2482321DFADF6003F6989 /* FavoriteRegionTableViewCell.swift */; };
		52F2482721DFC998003F6989 /* MyReviewViewController.swift in Sources */ = {isa = PBXBuildFile; fileRef = 52F2482621DFC998003F6989 /* MyReviewViewController.swift */; };
		52F2482921DFCAA6003F6989 /* MyReviewTableViewCell.swift in Sources */ = {isa = PBXBuildFile; fileRef = 52F2482821DFCAA6003F6989 /* MyReviewTableViewCell.swift */; };
		52F2482D21E00072003F6989 /* ProfileModel.swift in Sources */ = {isa = PBXBuildFile; fileRef = 52F2482B21E00072003F6989 /* ProfileModel.swift */; };
		52F2483021E00398003F6989 /* StoreInfoResponseDtoList.swift in Sources */ = {isa = PBXBuildFile; fileRef = 52F2482F21E00398003F6989 /* StoreInfoResponseDtoList.swift */; };
		52F2483221E003AF003F6989 /* MyReviewModel.swift in Sources */ = {isa = PBXBuildFile; fileRef = 52F2483121E003AF003F6989 /* MyReviewModel.swift */; };
		52F2483421E00735003F6989 /* FavoriteModel.swift in Sources */ = {isa = PBXBuildFile; fileRef = 52F2483321E00735003F6989 /* FavoriteModel.swift */; };
		58F65CFF372615526B72DC45 /* Pods_Travely_iOS.framework in Frameworks */ = {isa = PBXBuildFile; fileRef = FCA8F4C411292DF69C93159F /* Pods_Travely_iOS.framework */; };
		D10DD1A021DDF9D80011282C /* ReservationAlertViewController.swift in Sources */ = {isa = PBXBuildFile; fileRef = D13841E421D9FDB500EC7D9D /* ReservationAlertViewController.swift */; };
		D10DD1AA21DE4B700011282C /* OpenTime.swift in Sources */ = {isa = PBXBuildFile; fileRef = D10DD1A321DE4B6F0011282C /* OpenTime.swift */; };
		D10DD1AB21DE4B700011282C /* StartTime.swift in Sources */ = {isa = PBXBuildFile; fileRef = D10DD1A421DE4B6F0011282C /* StartTime.swift */; };
		D10DD1AC21DE4B700011282C /* BagDtos.swift in Sources */ = {isa = PBXBuildFile; fileRef = D10DD1A521DE4B6F0011282C /* BagDtos.swift */; };
		D10DD1AD21DE4B700011282C /* Store.swift in Sources */ = {isa = PBXBuildFile; fileRef = D10DD1A621DE4B6F0011282C /* Store.swift */; };
		D10DD1AE21DE4B700011282C /* CloseTime.swift in Sources */ = {isa = PBXBuildFile; fileRef = D10DD1A721DE4B6F0011282C /* CloseTime.swift */; };
		D10DD1AF21DE4B700011282C /* EndTime.swift in Sources */ = {isa = PBXBuildFile; fileRef = D10DD1A821DE4B6F0011282C /* EndTime.swift */; };
		D10DD1B021DE4B700011282C /* ReservationModel.swift in Sources */ = {isa = PBXBuildFile; fileRef = D10DD1A921DE4B700011282C /* ReservationModel.swift */; };
		D10DD1B221DE826F0011282C /* bag.swift in Sources */ = {isa = PBXBuildFile; fileRef = D10DD1B121DE826F0011282C /* bag.swift */; };
		D12A6C9621DCB58300FB6B78 /* LatestReservationViewController.swift in Sources */ = {isa = PBXBuildFile; fileRef = D12A6C9521DCB58300FB6B78 /* LatestReservationViewController.swift */; };
		D13841E621D9FDB500EC7D9D /* Alert.storyboard in Resources */ = {isa = PBXBuildFile; fileRef = D13841E221D9FDB500EC7D9D /* Alert.storyboard */; };
		D13841E721D9FDB500EC7D9D /* CancelAlertViewController.swift in Sources */ = {isa = PBXBuildFile; fileRef = D13841E321D9FDB500EC7D9D /* CancelAlertViewController.swift */; };
		D13841E921D9FDB500EC7D9D /* cancelConfirmViewController.swift in Sources */ = {isa = PBXBuildFile; fileRef = D13841E521D9FDB500EC7D9D /* cancelConfirmViewController.swift */; };
		D13841EB21D9FDCA00EC7D9D /* CALayer.swift in Sources */ = {isa = PBXBuildFile; fileRef = D13841EA21D9FDCA00EC7D9D /* CALayer.swift */; };
		D13841ED21D9FDEE00EC7D9D /* ReservationViewController.swift in Sources */ = {isa = PBXBuildFile; fileRef = D13841EC21D9FDED00EC7D9D /* ReservationViewController.swift */; };
		D13841F021D9FDF900EC7D9D /* TestTableViewController.swift in Sources */ = {isa = PBXBuildFile; fileRef = D13841EE21D9FDF900EC7D9D /* TestTableViewController.swift */; };
		D13841F121D9FDF900EC7D9D /* TestViewController5.swift in Sources */ = {isa = PBXBuildFile; fileRef = D13841EF21D9FDF900EC7D9D /* TestViewController5.swift */; };
		D13841F421D9FE0C00EC7D9D /* CSStepper.swift in Sources */ = {isa = PBXBuildFile; fileRef = D13841F321D9FE0C00EC7D9D /* CSStepper.swift */; };
		D1912E6F21E11B73005ADBAF /* ServiceRateAlertViewController.swift in Sources */ = {isa = PBXBuildFile; fileRef = D1912E6E21E11B73005ADBAF /* ServiceRateAlertViewController.swift */; };
		D1912E7121E11B93005ADBAF /* RateCell.swift in Sources */ = {isa = PBXBuildFile; fileRef = D1912E7021E11B93005ADBAF /* RateCell.swift */; };
		D192BF9D21E249530072D4EF /* BagSizeAlertViewController.swift in Sources */ = {isa = PBXBuildFile; fileRef = D192BF9C21E249530072D4EF /* BagSizeAlertViewController.swift */; };
		D192BF9F21E295450072D4EF /* Date.swift in Sources */ = {isa = PBXBuildFile; fileRef = D192BF9E21E295450072D4EF /* Date.swift */; };
		D192BFA321E2CC450072D4EF /* MainTabBarController.swift in Sources */ = {isa = PBXBuildFile; fileRef = D192BFA221E2CC450072D4EF /* MainTabBarController.swift */; };
		D192BFA521E2CF3B0072D4EF /* DidNotReserveViewController.swift in Sources */ = {isa = PBXBuildFile; fileRef = D192BFA421E2CF3B0072D4EF /* DidNotReserveViewController.swift */; };
		D1ABFAE321DBC20500BEE3E0 /* CircleButton.swift in Sources */ = {isa = PBXBuildFile; fileRef = D1ABFAE221DBC20500BEE3E0 /* CircleButton.swift */; };
		D1ABFAE521DBC29B00BEE3E0 /* ReservationStatusViewController.swift in Sources */ = {isa = PBXBuildFile; fileRef = D1ABFAE421DBC29B00BEE3E0 /* ReservationStatusViewController.swift */; };
/* End PBXBuildFile section */

/* Begin PBXFileReference section */
		3ED19096FC49769E399B9F60 /* Pods-Travely_iOS.release.xcconfig */ = {isa = PBXFileReference; includeInIndex = 1; lastKnownFileType = text.xcconfig; name = "Pods-Travely_iOS.release.xcconfig"; path = "Pods/Target Support Files/Pods-Travely_iOS/Pods-Travely_iOS.release.xcconfig"; sourceTree = "<group>"; };
		5202615121E22F7100C3EDA7 /* MakeReviewPopupViewController.swift */ = {isa = PBXFileReference; lastKnownFileType = sourcecode.swift; path = MakeReviewPopupViewController.swift; sourceTree = "<group>"; };
		5202615321E247A600C3EDA7 /* ReviewModel.swift */ = {isa = PBXFileReference; lastKnownFileType = sourcecode.swift; path = ReviewModel.swift; sourceTree = "<group>"; };
		5202615621E271D500C3EDA7 /* Code.swift */ = {isa = PBXFileReference; fileEncoding = 4; lastKnownFileType = sourcecode.swift; path = Code.swift; sourceTree = "<group>"; };
		5202615721E271D500C3EDA7 /* CurrentLocation.swift */ = {isa = PBXFileReference; fileEncoding = 4; lastKnownFileType = sourcecode.swift; path = CurrentLocation.swift; sourceTree = "<group>"; };
		5202615821E271D500C3EDA7 /* Coords.swift */ = {isa = PBXFileReference; fileEncoding = 4; lastKnownFileType = sourcecode.swift; path = Coords.swift; sourceTree = "<group>"; };
		5202615921E271D500C3EDA7 /* Status.swift */ = {isa = PBXFileReference; fileEncoding = 4; lastKnownFileType = sourcecode.swift; path = Status.swift; sourceTree = "<group>"; };
		5202615A21E271D500C3EDA7 /* Region.swift */ = {isa = PBXFileReference; fileEncoding = 4; lastKnownFileType = sourcecode.swift; path = Region.swift; sourceTree = "<group>"; };
		5202615B21E271D500C3EDA7 /* Results.swift */ = {isa = PBXFileReference; fileEncoding = 4; lastKnownFileType = sourcecode.swift; path = Results.swift; sourceTree = "<group>"; };
		5202615C21E271D500C3EDA7 /* Area1.swift */ = {isa = PBXFileReference; fileEncoding = 4; lastKnownFileType = sourcecode.swift; path = Area1.swift; sourceTree = "<group>"; };
		5202615D21E271D500C3EDA7 /* Area2.swift */ = {isa = PBXFileReference; fileEncoding = 4; lastKnownFileType = sourcecode.swift; path = Area2.swift; sourceTree = "<group>"; };
		5202615E21E271D500C3EDA7 /* Area4.swift */ = {isa = PBXFileReference; fileEncoding = 4; lastKnownFileType = sourcecode.swift; path = Area4.swift; sourceTree = "<group>"; };
		5202615F21E271D500C3EDA7 /* Area3.swift */ = {isa = PBXFileReference; fileEncoding = 4; lastKnownFileType = sourcecode.swift; path = Area3.swift; sourceTree = "<group>"; };
		5202616021E271D500C3EDA7 /* Center.swift */ = {isa = PBXFileReference; fileEncoding = 4; lastKnownFileType = sourcecode.swift; path = Center.swift; sourceTree = "<group>"; };
		5202616121E271D500C3EDA7 /* Area0.swift */ = {isa = PBXFileReference; fileEncoding = 4; lastKnownFileType = sourcecode.swift; path = Area0.swift; sourceTree = "<group>"; };
		521FC82F21D8B8D600CFD955 /* NanumSquareEB.ttf */ = {isa = PBXFileReference; lastKnownFileType = file; path = NanumSquareEB.ttf; sourceTree = "<group>"; };
		5280E34C21D7B5A800829935 /* RegionListModel.swift */ = {isa = PBXFileReference; lastKnownFileType = sourcecode.swift; path = RegionListModel.swift; sourceTree = "<group>"; };
		528D962321DBDC2E00FC46D1 /* Main.storyboard */ = {isa = PBXFileReference; fileEncoding = 4; lastKnownFileType = file.storyboard; path = Main.storyboard; sourceTree = "<group>"; };
		528D962521DBEF1E00FC46D1 /* EmptyReviewTableViewCell.swift */ = {isa = PBXFileReference; lastKnownFileType = sourcecode.swift; path = EmptyReviewTableViewCell.swift; sourceTree = "<group>"; };
		52986AFB21D28DB100601983 /* UIColor.swift */ = {isa = PBXFileReference; fileEncoding = 4; lastKnownFileType = sourcecode.swift; path = UIColor.swift; sourceTree = "<group>"; };
		52986AFD21D28DC700601983 /* ReservationPicker.swift */ = {isa = PBXFileReference; fileEncoding = 4; lastKnownFileType = sourcecode.swift; path = ReservationPicker.swift; sourceTree = "<group>"; };
		52AA4B4621DAB36B00442C9A /* ReviewHeaderTableViewCell.swift */ = {isa = PBXFileReference; lastKnownFileType = sourcecode.swift; path = ReviewHeaderTableViewCell.swift; sourceTree = "<group>"; };
		52AB75F021CF506F0002FB07 /* Travely_iOS.app */ = {isa = PBXFileReference; explicitFileType = wrapper.application; includeInIndex = 0; path = Travely_iOS.app; sourceTree = BUILT_PRODUCTS_DIR; };
		52AB75F321CF506F0002FB07 /* AppDelegate.swift */ = {isa = PBXFileReference; lastKnownFileType = sourcecode.swift; path = AppDelegate.swift; sourceTree = "<group>"; };
		52AB75F521CF506F0002FB07 /* MainViewController.swift */ = {isa = PBXFileReference; lastKnownFileType = sourcecode.swift; path = MainViewController.swift; sourceTree = "<group>"; };
		52AB75FA21CF50700002FB07 /* Assets.xcassets */ = {isa = PBXFileReference; lastKnownFileType = folder.assetcatalog; path = Assets.xcassets; sourceTree = "<group>"; };
		52AB75FD21CF50700002FB07 /* Base */ = {isa = PBXFileReference; lastKnownFileType = file.storyboard; name = Base; path = Base.lproj/LaunchScreen.storyboard; sourceTree = "<group>"; };
		52AB75FF21CF50700002FB07 /* Info.plist */ = {isa = PBXFileReference; lastKnownFileType = text.plist.xml; path = Info.plist; sourceTree = "<group>"; };
		52AB760921CF65ED0002FB07 /* SignupViewController.swift */ = {isa = PBXFileReference; fileEncoding = 4; lastKnownFileType = sourcecode.swift; path = SignupViewController.swift; sourceTree = "<group>"; };
		52AB760A21CF65ED0002FB07 /* LoginViewController.swift */ = {isa = PBXFileReference; fileEncoding = 4; lastKnownFileType = sourcecode.swift; path = LoginViewController.swift; sourceTree = "<group>"; };
		52AB760B21CF65ED0002FB07 /* LoginSignup.storyboard */ = {isa = PBXFileReference; fileEncoding = 4; lastKnownFileType = file.storyboard; path = LoginSignup.storyboard; sourceTree = "<group>"; };
		52AB761121CF69240002FB07 /* ViewExtension.swift */ = {isa = PBXFileReference; lastKnownFileType = sourcecode.swift; path = ViewExtension.swift; sourceTree = "<group>"; };
		52AB761621D0E9C40002FB07 /* SearchTableViewCell.swift */ = {isa = PBXFileReference; lastKnownFileType = sourcecode.swift; path = SearchTableViewCell.swift; sourceTree = "<group>"; };
		52AB761721D0E9C40002FB07 /* SearchTableViewCell.xib */ = {isa = PBXFileReference; lastKnownFileType = file.xib; path = SearchTableViewCell.xib; sourceTree = "<group>"; };
		52AB761A21D104810002FB07 /* DetailShopTableViewCell.swift */ = {isa = PBXFileReference; lastKnownFileType = sourcecode.swift; path = DetailShopTableViewCell.swift; sourceTree = "<group>"; };
		52AB761B21D104810002FB07 /* DetailShopTableViewCell.xib */ = {isa = PBXFileReference; lastKnownFileType = file.xib; path = DetailShopTableViewCell.xib; sourceTree = "<group>"; };
		52B899CB21D7364C00D2667D /* ErrorModel.swift */ = {isa = PBXFileReference; lastKnownFileType = sourcecode.swift; path = ErrorModel.swift; sourceTree = "<group>"; };
		52BD7CE921D8C6D800EDD75D /* StoreListModel.swift */ = {isa = PBXFileReference; lastKnownFileType = sourcecode.swift; path = StoreListModel.swift; sourceTree = "<group>"; };
		52BD7CF321D8DE3D00EDD75D /* SimpleStoreResponseDtos.swift */ = {isa = PBXFileReference; lastKnownFileType = sourcecode.swift; path = SimpleStoreResponseDtos.swift; sourceTree = "<group>"; };
		52BDE66B21D50051008204FF /* NanumSquareR.ttf */ = {isa = PBXFileReference; lastKnownFileType = file; path = NanumSquareR.ttf; sourceTree = "<group>"; };
		52BDE66C21D50051008204FF /* NanumSquareL.ttf */ = {isa = PBXFileReference; lastKnownFileType = file; path = NanumSquareL.ttf; sourceTree = "<group>"; };
		52BDE66D21D50051008204FF /* NanumSquareB.ttf */ = {isa = PBXFileReference; lastKnownFileType = file; path = NanumSquareB.ttf; sourceTree = "<group>"; };
		52BDE67221D50061008204FF /* NotoSansCJKkr-Regular.otf */ = {isa = PBXFileReference; lastKnownFileType = file; path = "NotoSansCJKkr-Regular.otf"; sourceTree = "<group>"; };
		52BDE67321D50061008204FF /* NotoSansCJKkr-Thin.otf */ = {isa = PBXFileReference; lastKnownFileType = file; path = "NotoSansCJKkr-Thin.otf"; sourceTree = "<group>"; };
		52BDE67421D50062008204FF /* NotoSansCJKkr-Bold.otf */ = {isa = PBXFileReference; lastKnownFileType = file; path = "NotoSansCJKkr-Bold.otf"; sourceTree = "<group>"; };
		52BDE67521D50062008204FF /* NotoSansCJKkr-DemiLight.otf */ = {isa = PBXFileReference; lastKnownFileType = file; path = "NotoSansCJKkr-DemiLight.otf"; sourceTree = "<group>"; };
		52BDE67621D50063008204FF /* NotoSansCJKkr-Light.otf */ = {isa = PBXFileReference; lastKnownFileType = file; path = "NotoSansCJKkr-Light.otf"; sourceTree = "<group>"; };
		52BDE67721D50064008204FF /* NotoSansCJKkr-Medium.otf */ = {isa = PBXFileReference; lastKnownFileType = file; path = "NotoSansCJKkr-Medium.otf"; sourceTree = "<group>"; };
		52BDE67821D50064008204FF /* NotoSansCJKkr-Black.otf */ = {isa = PBXFileReference; lastKnownFileType = file; path = "NotoSansCJKkr-Black.otf"; sourceTree = "<group>"; };
		52D174B721E132E300CD28ED /* LoginModel.swift */ = {isa = PBXFileReference; lastKnownFileType = sourcecode.swift; path = LoginModel.swift; sourceTree = "<group>"; };
		52D2BC3221D6A89E005F48D3 /* APIRouter.swift */ = {isa = PBXFileReference; lastKnownFileType = sourcecode.swift; path = APIRouter.swift; sourceTree = "<group>"; };
		52D2BC3421D6AB19005F48D3 /* NetworkRequester.swift */ = {isa = PBXFileReference; lastKnownFileType = sourcecode.swift; path = NetworkRequester.swift; sourceTree = "<group>"; };
		52D2BC3721D6BDCB005F48D3 /* NetworkManager.swift */ = {isa = PBXFileReference; lastKnownFileType = sourcecode.swift; path = NetworkManager.swift; sourceTree = "<group>"; };
		52DAACD221E0B20B00B000A7 /* AppGuidePageViewController.swift */ = {isa = PBXFileReference; lastKnownFileType = sourcecode.swift; path = AppGuidePageViewController.swift; sourceTree = "<group>"; };
		52DAACD421E0B5A800B000A7 /* AppGuideViewController.swift */ = {isa = PBXFileReference; lastKnownFileType = sourcecode.swift; path = AppGuideViewController.swift; sourceTree = "<group>"; };
		52DAACD621E1001E00B000A7 /* LastGuideViewController.swift */ = {isa = PBXFileReference; lastKnownFileType = sourcecode.swift; path = LastGuideViewController.swift; sourceTree = "<group>"; };
		52EA578321D3AA380012F53C /* ShopAddressTableViewCell.swift */ = {isa = PBXFileReference; lastKnownFileType = sourcecode.swift; path = ShopAddressTableViewCell.swift; sourceTree = "<group>"; };
		52EA578521D3AA6F0012F53C /* ShopReviewTableViewCell.swift */ = {isa = PBXFileReference; lastKnownFileType = sourcecode.swift; path = ShopReviewTableViewCell.swift; sourceTree = "<group>"; };
		52EDFB5921DA2FC400A83CC0 /* ReviewResponseDtos.swift */ = {isa = PBXFileReference; fileEncoding = 4; lastKnownFileType = sourcecode.swift; path = ReviewResponseDtos.swift; sourceTree = "<group>"; };
		52EDFB5A21DA2FC400A83CC0 /* StoreDetailModel.swift */ = {isa = PBXFileReference; fileEncoding = 4; lastKnownFileType = sourcecode.swift; path = StoreDetailModel.swift; sourceTree = "<group>"; };
		52EDFB5B21DA2FC400A83CC0 /* StoreImageResponseDtos.swift */ = {isa = PBXFileReference; fileEncoding = 4; lastKnownFileType = sourcecode.swift; path = StoreImageResponseDtos.swift; sourceTree = "<group>"; };
		52EDFB5F21DA425700A83CC0 /* RestWeekResponseDtos.swift */ = {isa = PBXFileReference; fileEncoding = 4; lastKnownFileType = sourcecode.swift; path = RestWeekResponseDtos.swift; sourceTree = "<group>"; };
		52F2481921DF7BEE003F6989 /* MyPageViewController.swift */ = {isa = PBXFileReference; lastKnownFileType = sourcecode.swift; path = MyPageViewController.swift; sourceTree = "<group>"; };
		52F2481B21DF9A5C003F6989 /* RecentStorageTableViewCell.swift */ = {isa = PBXFileReference; lastKnownFileType = sourcecode.swift; path = RecentStorageTableViewCell.swift; sourceTree = "<group>"; };
		52F2481D21DFAB25003F6989 /* FavoriteStoreViewController.swift */ = {isa = PBXFileReference; lastKnownFileType = sourcecode.swift; path = FavoriteStoreViewController.swift; sourceTree = "<group>"; };
		52F2482121DFADE4003F6989 /* FavoriteStoreTableViewCell.swift */ = {isa = PBXFileReference; lastKnownFileType = sourcecode.swift; path = FavoriteStoreTableViewCell.swift; sourceTree = "<group>"; };
		52F2482321DFADF6003F6989 /* FavoriteRegionTableViewCell.swift */ = {isa = PBXFileReference; lastKnownFileType = sourcecode.swift; path = FavoriteRegionTableViewCell.swift; sourceTree = "<group>"; };
		52F2482621DFC998003F6989 /* MyReviewViewController.swift */ = {isa = PBXFileReference; lastKnownFileType = sourcecode.swift; path = MyReviewViewController.swift; sourceTree = "<group>"; };
		52F2482821DFCAA6003F6989 /* MyReviewTableViewCell.swift */ = {isa = PBXFileReference; lastKnownFileType = sourcecode.swift; path = MyReviewTableViewCell.swift; sourceTree = "<group>"; };
		52F2482B21E00072003F6989 /* ProfileModel.swift */ = {isa = PBXFileReference; fileEncoding = 4; lastKnownFileType = sourcecode.swift; path = ProfileModel.swift; sourceTree = "<group>"; };
		52F2482F21E00398003F6989 /* StoreInfoResponseDtoList.swift */ = {isa = PBXFileReference; fileEncoding = 4; lastKnownFileType = sourcecode.swift; path = StoreInfoResponseDtoList.swift; sourceTree = "<group>"; };
		52F2483121E003AF003F6989 /* MyReviewModel.swift */ = {isa = PBXFileReference; fileEncoding = 4; lastKnownFileType = sourcecode.swift; path = MyReviewModel.swift; sourceTree = "<group>"; };
		52F2483321E00735003F6989 /* FavoriteModel.swift */ = {isa = PBXFileReference; fileEncoding = 4; lastKnownFileType = sourcecode.swift; path = FavoriteModel.swift; sourceTree = "<group>"; };
		C60D5008FEC6D2AA646AB039 /* Pods-Travely_iOS.debug.xcconfig */ = {isa = PBXFileReference; includeInIndex = 1; lastKnownFileType = text.xcconfig; name = "Pods-Travely_iOS.debug.xcconfig"; path = "Pods/Target Support Files/Pods-Travely_iOS/Pods-Travely_iOS.debug.xcconfig"; sourceTree = "<group>"; };
		D10DD1A321DE4B6F0011282C /* OpenTime.swift */ = {isa = PBXFileReference; fileEncoding = 4; lastKnownFileType = sourcecode.swift; path = OpenTime.swift; sourceTree = "<group>"; };
		D10DD1A421DE4B6F0011282C /* StartTime.swift */ = {isa = PBXFileReference; fileEncoding = 4; lastKnownFileType = sourcecode.swift; path = StartTime.swift; sourceTree = "<group>"; };
		D10DD1A521DE4B6F0011282C /* BagDtos.swift */ = {isa = PBXFileReference; fileEncoding = 4; lastKnownFileType = sourcecode.swift; path = BagDtos.swift; sourceTree = "<group>"; };
		D10DD1A621DE4B6F0011282C /* Store.swift */ = {isa = PBXFileReference; fileEncoding = 4; lastKnownFileType = sourcecode.swift; path = Store.swift; sourceTree = "<group>"; };
		D10DD1A721DE4B6F0011282C /* CloseTime.swift */ = {isa = PBXFileReference; fileEncoding = 4; lastKnownFileType = sourcecode.swift; path = CloseTime.swift; sourceTree = "<group>"; };
		D10DD1A821DE4B6F0011282C /* EndTime.swift */ = {isa = PBXFileReference; fileEncoding = 4; lastKnownFileType = sourcecode.swift; path = EndTime.swift; sourceTree = "<group>"; };
		D10DD1A921DE4B700011282C /* ReservationModel.swift */ = {isa = PBXFileReference; fileEncoding = 4; lastKnownFileType = sourcecode.swift; path = ReservationModel.swift; sourceTree = "<group>"; };
		D10DD1B121DE826F0011282C /* bag.swift */ = {isa = PBXFileReference; lastKnownFileType = sourcecode.swift; path = bag.swift; sourceTree = "<group>"; };
		D12A6C9521DCB58300FB6B78 /* LatestReservationViewController.swift */ = {isa = PBXFileReference; lastKnownFileType = sourcecode.swift; path = LatestReservationViewController.swift; sourceTree = "<group>"; };
		D13841E221D9FDB500EC7D9D /* Alert.storyboard */ = {isa = PBXFileReference; fileEncoding = 4; lastKnownFileType = file.storyboard; path = Alert.storyboard; sourceTree = "<group>"; };
		D13841E321D9FDB500EC7D9D /* CancelAlertViewController.swift */ = {isa = PBXFileReference; fileEncoding = 4; lastKnownFileType = sourcecode.swift; path = CancelAlertViewController.swift; sourceTree = "<group>"; };
		D13841E421D9FDB500EC7D9D /* ReservationAlertViewController.swift */ = {isa = PBXFileReference; fileEncoding = 4; lastKnownFileType = sourcecode.swift; path = ReservationAlertViewController.swift; sourceTree = "<group>"; };
		D13841E521D9FDB500EC7D9D /* cancelConfirmViewController.swift */ = {isa = PBXFileReference; fileEncoding = 4; lastKnownFileType = sourcecode.swift; path = cancelConfirmViewController.swift; sourceTree = "<group>"; };
		D13841EA21D9FDCA00EC7D9D /* CALayer.swift */ = {isa = PBXFileReference; fileEncoding = 4; lastKnownFileType = sourcecode.swift; path = CALayer.swift; sourceTree = "<group>"; };
		D13841EC21D9FDED00EC7D9D /* ReservationViewController.swift */ = {isa = PBXFileReference; fileEncoding = 4; lastKnownFileType = sourcecode.swift; path = ReservationViewController.swift; sourceTree = "<group>"; };
		D13841EE21D9FDF900EC7D9D /* TestTableViewController.swift */ = {isa = PBXFileReference; fileEncoding = 4; lastKnownFileType = sourcecode.swift; path = TestTableViewController.swift; sourceTree = "<group>"; };
		D13841EF21D9FDF900EC7D9D /* TestViewController5.swift */ = {isa = PBXFileReference; fileEncoding = 4; lastKnownFileType = sourcecode.swift; path = TestViewController5.swift; sourceTree = "<group>"; };
		D13841F321D9FE0C00EC7D9D /* CSStepper.swift */ = {isa = PBXFileReference; fileEncoding = 4; lastKnownFileType = sourcecode.swift; path = CSStepper.swift; sourceTree = "<group>"; };
		D1912E6E21E11B73005ADBAF /* ServiceRateAlertViewController.swift */ = {isa = PBXFileReference; lastKnownFileType = sourcecode.swift; path = ServiceRateAlertViewController.swift; sourceTree = "<group>"; };
		D1912E7021E11B93005ADBAF /* RateCell.swift */ = {isa = PBXFileReference; lastKnownFileType = sourcecode.swift; path = RateCell.swift; sourceTree = "<group>"; };
		D192BF9C21E249530072D4EF /* BagSizeAlertViewController.swift */ = {isa = PBXFileReference; lastKnownFileType = sourcecode.swift; path = BagSizeAlertViewController.swift; sourceTree = "<group>"; };
		D192BF9E21E295450072D4EF /* Date.swift */ = {isa = PBXFileReference; lastKnownFileType = sourcecode.swift; path = Date.swift; sourceTree = "<group>"; };
		D192BFA221E2CC450072D4EF /* MainTabBarController.swift */ = {isa = PBXFileReference; lastKnownFileType = sourcecode.swift; path = MainTabBarController.swift; sourceTree = "<group>"; };
		D192BFA421E2CF3B0072D4EF /* DidNotReserveViewController.swift */ = {isa = PBXFileReference; lastKnownFileType = sourcecode.swift; path = DidNotReserveViewController.swift; sourceTree = "<group>"; };
		D1ABFAE221DBC20500BEE3E0 /* CircleButton.swift */ = {isa = PBXFileReference; fileEncoding = 4; lastKnownFileType = sourcecode.swift; path = CircleButton.swift; sourceTree = "<group>"; };
		D1ABFAE421DBC29B00BEE3E0 /* ReservationStatusViewController.swift */ = {isa = PBXFileReference; fileEncoding = 4; lastKnownFileType = sourcecode.swift; path = ReservationStatusViewController.swift; sourceTree = "<group>"; };
		FCA8F4C411292DF69C93159F /* Pods_Travely_iOS.framework */ = {isa = PBXFileReference; explicitFileType = wrapper.framework; includeInIndex = 0; path = Pods_Travely_iOS.framework; sourceTree = BUILT_PRODUCTS_DIR; };
/* End PBXFileReference section */

/* Begin PBXFrameworksBuildPhase section */
		52AB75ED21CF506F0002FB07 /* Frameworks */ = {
			isa = PBXFrameworksBuildPhase;
			buildActionMask = 2147483647;
			files = (
				58F65CFF372615526B72DC45 /* Pods_Travely_iOS.framework in Frameworks */,
			);
			runOnlyForDeploymentPostprocessing = 0;
		};
/* End PBXFrameworksBuildPhase section */

/* Begin PBXGroup section */
		5202615521E271A600C3EDA7 /* CurrentLocation */ = {
			isa = PBXGroup;
			children = (
				5202616121E271D500C3EDA7 /* Area0.swift */,
				5202615C21E271D500C3EDA7 /* Area1.swift */,
				5202615D21E271D500C3EDA7 /* Area2.swift */,
				5202615F21E271D500C3EDA7 /* Area3.swift */,
				5202615E21E271D500C3EDA7 /* Area4.swift */,
				5202616021E271D500C3EDA7 /* Center.swift */,
				5202615621E271D500C3EDA7 /* Code.swift */,
				5202615821E271D500C3EDA7 /* Coords.swift */,
				5202615721E271D500C3EDA7 /* CurrentLocation.swift */,
				5202615A21E271D500C3EDA7 /* Region.swift */,
				5202615B21E271D500C3EDA7 /* Results.swift */,
				5202615921E271D500C3EDA7 /* Status.swift */,
			);
			path = CurrentLocation;
			sourceTree = "<group>";
		};
		52AB75E721CF506F0002FB07 = {
			isa = PBXGroup;
			children = (
				52AB75F221CF506F0002FB07 /* Travely_iOS */,
				52AB75F121CF506F0002FB07 /* Products */,
				A047BADDF6E147C3D62774C3 /* Pods */,
				B17064A94ED306BFE6B2F1D7 /* Frameworks */,
			);
			sourceTree = "<group>";
		};
		52AB75F121CF506F0002FB07 /* Products */ = {
			isa = PBXGroup;
			children = (
				52AB75F021CF506F0002FB07 /* Travely_iOS.app */,
			);
			name = Products;
			sourceTree = "<group>";
		};
		52AB75F221CF506F0002FB07 /* Travely_iOS */ = {
			isa = PBXGroup;
			children = (
				52D2BC2D21D6A6F9005F48D3 /* NetworkModule */,
				D122477821D0A47600B10C87 /* Extension */,
				D13841E121D9FDB500EC7D9D /* AlertView */,
				D13841F221D9FE0C00EC7D9D /* CustomClass */,
				52AB760821CF65840002FB07 /* LoginView */,
				52AB760721CF657E0002FB07 /* MainView */,
				52AB760621CF65690002FB07 /* Support */,
			);
			path = Travely_iOS;
			sourceTree = "<group>";
		};
		52AB760621CF65690002FB07 /* Support */ = {
			isa = PBXGroup;
			children = (
				52AB75F321CF506F0002FB07 /* AppDelegate.swift */,
				52AB75FA21CF50700002FB07 /* Assets.xcassets */,
				52AB75FC21CF50700002FB07 /* LaunchScreen.storyboard */,
				52AB75FF21CF50700002FB07 /* Info.plist */,
				52AB761121CF69240002FB07 /* ViewExtension.swift */,
				52BDE66D21D50051008204FF /* NanumSquareB.ttf */,
				521FC82F21D8B8D600CFD955 /* NanumSquareEB.ttf */,
				52BDE66C21D50051008204FF /* NanumSquareL.ttf */,
				52BDE66B21D50051008204FF /* NanumSquareR.ttf */,
				52BDE67821D50064008204FF /* NotoSansCJKkr-Black.otf */,
				52BDE67421D50062008204FF /* NotoSansCJKkr-Bold.otf */,
				52BDE67521D50062008204FF /* NotoSansCJKkr-DemiLight.otf */,
				52BDE67621D50063008204FF /* NotoSansCJKkr-Light.otf */,
				52BDE67721D50064008204FF /* NotoSansCJKkr-Medium.otf */,
				52BDE67221D50061008204FF /* NotoSansCJKkr-Regular.otf */,
				52BDE67321D50061008204FF /* NotoSansCJKkr-Thin.otf */,
			);
			path = Support;
			sourceTree = "<group>";
		};
		52AB760721CF657E0002FB07 /* MainView */ = {
			isa = PBXGroup;
			children = (
				52F2481421DF6C8D003F6989 /* MapSearchMakeReservation */,
				52F2481321DF6C7F003F6989 /* ReservationStatus */,
				52F2481721DF7B7D003F6989 /* DeliveryService */,
				52F2481821DF7BA5003F6989 /* MyPage */,
				528D962321DBDC2E00FC46D1 /* Main.storyboard */,
			);
			path = MainView;
			sourceTree = "<group>";
		};
		52AB760821CF65840002FB07 /* LoginView */ = {
			isa = PBXGroup;
			children = (
				52AB760B21CF65ED0002FB07 /* LoginSignup.storyboard */,
				52AB760A21CF65ED0002FB07 /* LoginViewController.swift */,
				52AB760921CF65ED0002FB07 /* SignupViewController.swift */,
				52DAACD421E0B5A800B000A7 /* AppGuideViewController.swift */,
				52DAACD221E0B20B00B000A7 /* AppGuidePageViewController.swift */,
				52DAACD621E1001E00B000A7 /* LastGuideViewController.swift */,
			);
			path = LoginView;
			sourceTree = "<group>";
		};
		52BD7CEB21D8D6AC00EDD75D /* StoreDetailModels */ = {
			isa = PBXGroup;
			children = (
				52EDFB5A21DA2FC400A83CC0 /* StoreDetailModel.swift */,
				52EDFB5921DA2FC400A83CC0 /* ReviewResponseDtos.swift */,
				52EDFB5B21DA2FC400A83CC0 /* StoreImageResponseDtos.swift */,
				52EDFB5F21DA425700A83CC0 /* RestWeekResponseDtos.swift */,
			);
			path = StoreDetailModels;
			sourceTree = "<group>";
		};
		52BD7CF221D8DE1900EDD75D /* RegionListModels */ = {
			isa = PBXGroup;
			children = (
				5280E34C21D7B5A800829935 /* RegionListModel.swift */,
				52BD7CF321D8DE3D00EDD75D /* SimpleStoreResponseDtos.swift */,
			);
			path = RegionListModels;
			sourceTree = "<group>";
		};
		52D2BC2D21D6A6F9005F48D3 /* NetworkModule */ = {
			isa = PBXGroup;
			children = (
				52D2BC2F21D6A711005F48D3 /* Network */,
				52D2BC2E21D6A707005F48D3 /* Model */,
			);
			path = NetworkModule;
			sourceTree = "<group>";
		};
		52D2BC2E21D6A707005F48D3 /* Model */ = {
			isa = PBXGroup;
			children = (
				5202615521E271A600C3EDA7 /* CurrentLocation */,
				52F2482A21E0004D003F6989 /* MyPageModels */,
				D10DD1A221DE4B4D0011282C /* ReservationModels */,
				52BD7CF221D8DE1900EDD75D /* RegionListModels */,
				52BD7CEB21D8D6AC00EDD75D /* StoreDetailModels */,
				52B899CB21D7364C00D2667D /* ErrorModel.swift */,
				52BD7CE921D8C6D800EDD75D /* StoreListModel.swift */,
				52D174B721E132E300CD28ED /* LoginModel.swift */,
				5202615321E247A600C3EDA7 /* ReviewModel.swift */,
			);
			path = Model;
			sourceTree = "<group>";
		};
		52D2BC2F21D6A711005F48D3 /* Network */ = {
			isa = PBXGroup;
			children = (
				52D2BC3221D6A89E005F48D3 /* APIRouter.swift */,
				52D2BC3421D6AB19005F48D3 /* NetworkRequester.swift */,
				52D2BC3721D6BDCB005F48D3 /* NetworkManager.swift */,
			);
			path = Network;
			sourceTree = "<group>";
		};
		52F2481321DF6C7F003F6989 /* ReservationStatus */ = {
			isa = PBXGroup;
			children = (
				D1ABFAE421DBC29B00BEE3E0 /* ReservationStatusViewController.swift */,
				D192BFA421E2CF3B0072D4EF /* DidNotReserveViewController.swift */,
			);
			path = ReservationStatus;
			sourceTree = "<group>";
		};
		52F2481421DF6C8D003F6989 /* MapSearchMakeReservation */ = {
			isa = PBXGroup;
			children = (
				52F2481621DF7A81003F6989 /* MakeReservation */,
				52F2481521DF7A73003F6989 /* MapSearch */,
			);
			path = MapSearchMakeReservation;
			sourceTree = "<group>";
		};
		52F2481521DF7A73003F6989 /* MapSearch */ = {
			isa = PBXGroup;
			children = (
				52AB761B21D104810002FB07 /* DetailShopTableViewCell.xib */,
				52AB761721D0E9C40002FB07 /* SearchTableViewCell.xib */,
				52AB75F521CF506F0002FB07 /* MainViewController.swift */,
				52AA4B4621DAB36B00442C9A /* ReviewHeaderTableViewCell.swift */,
				52AB761621D0E9C40002FB07 /* SearchTableViewCell.swift */,
				52AB761A21D104810002FB07 /* DetailShopTableViewCell.swift */,
				52EA578321D3AA380012F53C /* ShopAddressTableViewCell.swift */,
				52EA578521D3AA6F0012F53C /* ShopReviewTableViewCell.swift */,
			);
			path = MapSearch;
			sourceTree = "<group>";
		};
		52F2481621DF7A81003F6989 /* MakeReservation */ = {
			isa = PBXGroup;
			children = (
				D192BFA221E2CC450072D4EF /* MainTabBarController.swift */,
				D13841EC21D9FDED00EC7D9D /* ReservationViewController.swift */,
				D12A6C9521DCB58300FB6B78 /* LatestReservationViewController.swift */,
				52986AFD21D28DC700601983 /* ReservationPicker.swift */,
				D13841EE21D9FDF900EC7D9D /* TestTableViewController.swift */,
				D13841EF21D9FDF900EC7D9D /* TestViewController5.swift */,
				528D962521DBEF1E00FC46D1 /* EmptyReviewTableViewCell.swift */,
			);
			path = MakeReservation;
			sourceTree = "<group>";
		};
		52F2481721DF7B7D003F6989 /* DeliveryService */ = {
			isa = PBXGroup;
			children = (
			);
			path = DeliveryService;
			sourceTree = "<group>";
		};
		52F2481821DF7BA5003F6989 /* MyPage */ = {
			isa = PBXGroup;
			children = (
				52F2482021DFADB1003F6989 /* MyPageMain */,
				52F2481F21DFADA2003F6989 /* FavoriteStore */,
				52F2482521DFC951003F6989 /* ReviewList */,
			);
			path = MyPage;
			sourceTree = "<group>";
		};
		52F2481F21DFADA2003F6989 /* FavoriteStore */ = {
			isa = PBXGroup;
			children = (
				52F2481D21DFAB25003F6989 /* FavoriteStoreViewController.swift */,
				52F2482121DFADE4003F6989 /* FavoriteStoreTableViewCell.swift */,
				52F2482321DFADF6003F6989 /* FavoriteRegionTableViewCell.swift */,
			);
			path = FavoriteStore;
			sourceTree = "<group>";
		};
		52F2482021DFADB1003F6989 /* MyPageMain */ = {
			isa = PBXGroup;
			children = (
				52F2481921DF7BEE003F6989 /* MyPageViewController.swift */,
				52F2481B21DF9A5C003F6989 /* RecentStorageTableViewCell.swift */,
			);
			path = MyPageMain;
			sourceTree = "<group>";
		};
		52F2482521DFC951003F6989 /* ReviewList */ = {
			isa = PBXGroup;
			children = (
				52F2482621DFC998003F6989 /* MyReviewViewController.swift */,
				52F2482821DFCAA6003F6989 /* MyReviewTableViewCell.swift */,
			);
			path = ReviewList;
			sourceTree = "<group>";
		};
		52F2482A21E0004D003F6989 /* MyPageModels */ = {
			isa = PBXGroup;
			children = (
				52F2482B21E00072003F6989 /* ProfileModel.swift */,
				52F2482F21E00398003F6989 /* StoreInfoResponseDtoList.swift */,
				52F2483121E003AF003F6989 /* MyReviewModel.swift */,
				52F2483321E00735003F6989 /* FavoriteModel.swift */,
			);
			path = MyPageModels;
			sourceTree = "<group>";
		};
		A047BADDF6E147C3D62774C3 /* Pods */ = {
			isa = PBXGroup;
			children = (
				C60D5008FEC6D2AA646AB039 /* Pods-Travely_iOS.debug.xcconfig */,
				3ED19096FC49769E399B9F60 /* Pods-Travely_iOS.release.xcconfig */,
			);
			name = Pods;
			sourceTree = "<group>";
		};
		B17064A94ED306BFE6B2F1D7 /* Frameworks */ = {
			isa = PBXGroup;
			children = (
				FCA8F4C411292DF69C93159F /* Pods_Travely_iOS.framework */,
			);
			name = Frameworks;
			sourceTree = "<group>";
		};
		D10DD1A221DE4B4D0011282C /* ReservationModels */ = {
			isa = PBXGroup;
			children = (
				D10DD1A521DE4B6F0011282C /* BagDtos.swift */,
				D10DD1A721DE4B6F0011282C /* CloseTime.swift */,
				D10DD1A821DE4B6F0011282C /* EndTime.swift */,
				D10DD1A921DE4B700011282C /* ReservationModel.swift */,
				D10DD1A321DE4B6F0011282C /* OpenTime.swift */,
				D10DD1A421DE4B6F0011282C /* StartTime.swift */,
				D10DD1A621DE4B6F0011282C /* Store.swift */,
				D10DD1B121DE826F0011282C /* bag.swift */,
			);
			path = ReservationModels;
			sourceTree = "<group>";
		};
		D122477821D0A47600B10C87 /* Extension */ = {
			isa = PBXGroup;
			children = (
				52986AFB21D28DB100601983 /* UIColor.swift */,
				D13841EA21D9FDCA00EC7D9D /* CALayer.swift */,
				D192BF9E21E295450072D4EF /* Date.swift */,
			);
			path = Extension;
			sourceTree = "<group>";
		};
		D13841E121D9FDB500EC7D9D /* AlertView */ = {
			isa = PBXGroup;
			children = (
				D13841E221D9FDB500EC7D9D /* Alert.storyboard */,
				D13841E321D9FDB500EC7D9D /* CancelAlertViewController.swift */,
				D13841E421D9FDB500EC7D9D /* ReservationAlertViewController.swift */,
				D13841E521D9FDB500EC7D9D /* cancelConfirmViewController.swift */,
				D1912E6E21E11B73005ADBAF /* ServiceRateAlertViewController.swift */,
				D192BF9C21E249530072D4EF /* BagSizeAlertViewController.swift */,
				5202615121E22F7100C3EDA7 /* MakeReviewPopupViewController.swift */,
				D1912E7021E11B93005ADBAF /* RateCell.swift */,
			);
			path = AlertView;
			sourceTree = "<group>";
		};
		D13841F221D9FE0C00EC7D9D /* CustomClass */ = {
			isa = PBXGroup;
			children = (
				D1ABFAE221DBC20500BEE3E0 /* CircleButton.swift */,
				D13841F321D9FE0C00EC7D9D /* CSStepper.swift */,
			);
			path = CustomClass;
			sourceTree = "<group>";
		};
/* End PBXGroup section */

/* Begin PBXNativeTarget section */
		52AB75EF21CF506F0002FB07 /* Travely_iOS */ = {
			isa = PBXNativeTarget;
			buildConfigurationList = 52AB760221CF50700002FB07 /* Build configuration list for PBXNativeTarget "Travely_iOS" */;
			buildPhases = (
				4B7111D54DD45C3F3FD02B36 /* [CP] Check Pods Manifest.lock */,
				52AB75EC21CF506F0002FB07 /* Sources */,
				52AB75ED21CF506F0002FB07 /* Frameworks */,
				52AB75EE21CF506F0002FB07 /* Resources */,
				20CE334B2168DE4D16E87F15 /* [CP] Embed Pods Frameworks */,
				6B5EFD4059158B6550557D85 /* [CP] Copy Pods Resources */,
			);
			buildRules = (
			);
			dependencies = (
			);
			name = Travely_iOS;
			productName = Travely_iOS;
			productReference = 52AB75F021CF506F0002FB07 /* Travely_iOS.app */;
			productType = "com.apple.product-type.application";
		};
/* End PBXNativeTarget section */

/* Begin PBXProject section */
		52AB75E821CF506F0002FB07 /* Project object */ = {
			isa = PBXProject;
			attributes = {
				LastSwiftUpdateCheck = 1010;
				LastUpgradeCheck = 1010;
				ORGANIZATIONNAME = "신동규";
				TargetAttributes = {
					52AB75EF21CF506F0002FB07 = {
						CreatedOnToolsVersion = 10.1;
					};
				};
			};
			buildConfigurationList = 52AB75EB21CF506F0002FB07 /* Build configuration list for PBXProject "Travely_iOS" */;
			compatibilityVersion = "Xcode 9.3";
			developmentRegion = en;
			hasScannedForEncodings = 0;
			knownRegions = (
				en,
				Base,
			);
			mainGroup = 52AB75E721CF506F0002FB07;
			productRefGroup = 52AB75F121CF506F0002FB07 /* Products */;
			projectDirPath = "";
			projectRoot = "";
			targets = (
				52AB75EF21CF506F0002FB07 /* Travely_iOS */,
			);
		};
/* End PBXProject section */

/* Begin PBXResourcesBuildPhase section */
		52AB75EE21CF506F0002FB07 /* Resources */ = {
			isa = PBXResourcesBuildPhase;
			buildActionMask = 2147483647;
			files = (
				52BDE67C21D50064008204FF /* NotoSansCJKkr-DemiLight.otf in Resources */,
				52AB760E21CF65ED0002FB07 /* LoginSignup.storyboard in Resources */,
				52BDE67F21D50064008204FF /* NotoSansCJKkr-Black.otf in Resources */,
				52AB75FE21CF50700002FB07 /* LaunchScreen.storyboard in Resources */,
				52BDE67121D50051008204FF /* NanumSquareB.ttf in Resources */,
				52BDE67A21D50064008204FF /* NotoSansCJKkr-Thin.otf in Resources */,
				52BDE67B21D50064008204FF /* NotoSansCJKkr-Bold.otf in Resources */,
				52AB75FB21CF50700002FB07 /* Assets.xcassets in Resources */,
				521FC83021D8B8D600CFD955 /* NanumSquareEB.ttf in Resources */,
				52BDE67E21D50064008204FF /* NotoSansCJKkr-Medium.otf in Resources */,
				D13841E621D9FDB500EC7D9D /* Alert.storyboard in Resources */,
				52BDE67021D50051008204FF /* NanumSquareL.ttf in Resources */,
				52AB761D21D104810002FB07 /* DetailShopTableViewCell.xib in Resources */,
				52BDE67D21D50064008204FF /* NotoSansCJKkr-Light.otf in Resources */,
				52BDE66F21D50051008204FF /* NanumSquareR.ttf in Resources */,
				528D962421DBDC2E00FC46D1 /* Main.storyboard in Resources */,
				52AB761921D0E9C40002FB07 /* SearchTableViewCell.xib in Resources */,
				52BDE67921D50064008204FF /* NotoSansCJKkr-Regular.otf in Resources */,
			);
			runOnlyForDeploymentPostprocessing = 0;
		};
/* End PBXResourcesBuildPhase section */

/* Begin PBXShellScriptBuildPhase section */
		20CE334B2168DE4D16E87F15 /* [CP] Embed Pods Frameworks */ = {
			isa = PBXShellScriptBuildPhase;
			buildActionMask = 2147483647;
			files = (
			);
			inputFileListPaths = (
			);
			inputPaths = (
				"${SRCROOT}/Pods/Target Support Files/Pods-Travely_iOS/Pods-Travely_iOS-frameworks.sh",
				"${BUILT_PRODUCTS_DIR}/Alamofire/Alamofire.framework",
				"${BUILT_PRODUCTS_DIR}/Cosmos/Cosmos.framework",
				"${BUILT_PRODUCTS_DIR}/ExpandableCell/ExpandableCell.framework",
				"${BUILT_PRODUCTS_DIR}/IQKeyboardManagerSwift/IQKeyboardManagerSwift.framework",
				"${BUILT_PRODUCTS_DIR}/Kingfisher/Kingfisher.framework",
				"${BUILT_PRODUCTS_DIR}/SwiftyJSON/SwiftyJSON.framework",
				"${BUILT_PRODUCTS_DIR}/UITextView+Placeholder/UITextView_Placeholder.framework",
			);
			name = "[CP] Embed Pods Frameworks";
			outputFileListPaths = (
			);
			outputPaths = (
				"${TARGET_BUILD_DIR}/${FRAMEWORKS_FOLDER_PATH}/Alamofire.framework",
				"${TARGET_BUILD_DIR}/${FRAMEWORKS_FOLDER_PATH}/Cosmos.framework",
				"${TARGET_BUILD_DIR}/${FRAMEWORKS_FOLDER_PATH}/ExpandableCell.framework",
				"${TARGET_BUILD_DIR}/${FRAMEWORKS_FOLDER_PATH}/IQKeyboardManagerSwift.framework",
				"${TARGET_BUILD_DIR}/${FRAMEWORKS_FOLDER_PATH}/Kingfisher.framework",
				"${TARGET_BUILD_DIR}/${FRAMEWORKS_FOLDER_PATH}/SwiftyJSON.framework",
				"${TARGET_BUILD_DIR}/${FRAMEWORKS_FOLDER_PATH}/UITextView_Placeholder.framework",
			);
			runOnlyForDeploymentPostprocessing = 0;
			shellPath = /bin/sh;
			shellScript = "\"${SRCROOT}/Pods/Target Support Files/Pods-Travely_iOS/Pods-Travely_iOS-frameworks.sh\"\n";
			showEnvVarsInLog = 0;
		};
		4B7111D54DD45C3F3FD02B36 /* [CP] Check Pods Manifest.lock */ = {
			isa = PBXShellScriptBuildPhase;
			buildActionMask = 2147483647;
			files = (
			);
			inputFileListPaths = (
			);
			inputPaths = (
				"${PODS_PODFILE_DIR_PATH}/Podfile.lock",
				"${PODS_ROOT}/Manifest.lock",
			);
			name = "[CP] Check Pods Manifest.lock";
			outputFileListPaths = (
			);
			outputPaths = (
				"$(DERIVED_FILE_DIR)/Pods-Travely_iOS-checkManifestLockResult.txt",
			);
			runOnlyForDeploymentPostprocessing = 0;
			shellPath = /bin/sh;
			shellScript = "diff \"${PODS_PODFILE_DIR_PATH}/Podfile.lock\" \"${PODS_ROOT}/Manifest.lock\" > /dev/null\nif [ $? != 0 ] ; then\n    # print error to STDERR\n    echo \"error: The sandbox is not in sync with the Podfile.lock. Run 'pod install' or update your CocoaPods installation.\" >&2\n    exit 1\nfi\n# This output is used by Xcode 'outputs' to avoid re-running this script phase.\necho \"SUCCESS\" > \"${SCRIPT_OUTPUT_FILE_0}\"\n";
			showEnvVarsInLog = 0;
		};
		6B5EFD4059158B6550557D85 /* [CP] Copy Pods Resources */ = {
			isa = PBXShellScriptBuildPhase;
			buildActionMask = 2147483647;
			files = (
			);
			inputFileListPaths = (
			);
			inputPaths = (
				"${SRCROOT}/Pods/Target Support Files/Pods-Travely_iOS/Pods-Travely_iOS-resources.sh",
				"${PODS_ROOT}/GoogleMaps/Maps/Frameworks/GoogleMaps.framework/Resources/GoogleMaps.bundle",
			);
			name = "[CP] Copy Pods Resources";
			outputFileListPaths = (
			);
			outputPaths = (
				"${TARGET_BUILD_DIR}/${UNLOCALIZED_RESOURCES_FOLDER_PATH}/GoogleMaps.bundle",
			);
			runOnlyForDeploymentPostprocessing = 0;
			shellPath = /bin/sh;
			shellScript = "\"${SRCROOT}/Pods/Target Support Files/Pods-Travely_iOS/Pods-Travely_iOS-resources.sh\"\n";
			showEnvVarsInLog = 0;
		};
/* End PBXShellScriptBuildPhase section */

/* Begin PBXSourcesBuildPhase section */
		52AB75EC21CF506F0002FB07 /* Sources */ = {
			isa = PBXSourcesBuildPhase;
			buildActionMask = 2147483647;
			files = (
				52BD7CEA21D8C6D800EDD75D /* StoreListModel.swift in Sources */,
				D10DD1B221DE826F0011282C /* bag.swift in Sources */,
				5202616B21E271D500C3EDA7 /* Area3.swift in Sources */,
				52EDFB5C21DA2FC400A83CC0 /* ReviewResponseDtos.swift in Sources */,
				D10DD1AA21DE4B700011282C /* OpenTime.swift in Sources */,
				5202616621E271D500C3EDA7 /* Region.swift in Sources */,
				D13841F421D9FE0C00EC7D9D /* CSStepper.swift in Sources */,
				52DAACD321E0B20B00B000A7 /* AppGuidePageViewController.swift in Sources */,
				5202616421E271D500C3EDA7 /* Coords.swift in Sources */,
				52F2482921DFCAA6003F6989 /* MyReviewTableViewCell.swift in Sources */,
				52AA4B4721DAB36B00442C9A /* ReviewHeaderTableViewCell.swift in Sources */,
				D10DD1B021DE4B700011282C /* ReservationModel.swift in Sources */,
				52AB760D21CF65ED0002FB07 /* LoginViewController.swift in Sources */,
				D192BFA521E2CF3B0072D4EF /* DidNotReserveViewController.swift in Sources */,
				52EDFB5D21DA2FC400A83CC0 /* StoreDetailModel.swift in Sources */,
				528D962721DBEF1E00FC46D1 /* EmptyReviewTableViewCell.swift in Sources */,
				D1ABFAE521DBC29B00BEE3E0 /* ReservationStatusViewController.swift in Sources */,
				5280E34D21D7B5A800829935 /* RegionListModel.swift in Sources */,
				D1912E7121E11B93005ADBAF /* RateCell.swift in Sources */,
				52F2483221E003AF003F6989 /* MyReviewModel.swift in Sources */,
				D192BF9F21E295450072D4EF /* Date.swift in Sources */,
				52986AFE21D28DC700601983 /* ReservationPicker.swift in Sources */,
				52AB760C21CF65ED0002FB07 /* SignupViewController.swift in Sources */,
				52AB761C21D104810002FB07 /* DetailShopTableViewCell.swift in Sources */,
				52AB75F621CF506F0002FB07 /* MainViewController.swift in Sources */,
				D192BFA321E2CC450072D4EF /* MainTabBarController.swift in Sources */,
				5202616721E271D500C3EDA7 /* Results.swift in Sources */,
				52F2482721DFC998003F6989 /* MyReviewViewController.swift in Sources */,
				5202615221E22F7100C3EDA7 /* MakeReviewPopupViewController.swift in Sources */,
				52BD7CF421D8DE3D00EDD75D /* SimpleStoreResponseDtos.swift in Sources */,
				52DAACD521E0B5A800B000A7 /* AppGuideViewController.swift in Sources */,
				D13841EB21D9FDCA00EC7D9D /* CALayer.swift in Sources */,
				52EDFB5E21DA2FC400A83CC0 /* StoreImageResponseDtos.swift in Sources */,
				52D174B821E132E300CD28ED /* LoginModel.swift in Sources */,
				D12A6C9621DCB58300FB6B78 /* LatestReservationViewController.swift in Sources */,
				52B899CC21D7364C00D2667D /* ErrorModel.swift in Sources */,
				52F2483021E00398003F6989 /* StoreInfoResponseDtoList.swift in Sources */,
				52AB761821D0E9C40002FB07 /* SearchTableViewCell.swift in Sources */,
				52AB75F421CF506F0002FB07 /* AppDelegate.swift in Sources */,
				D13841E921D9FDB500EC7D9D /* cancelConfirmViewController.swift in Sources */,
				52D2BC3321D6A89E005F48D3 /* APIRouter.swift in Sources */,
				5202616C21E271D500C3EDA7 /* Center.swift in Sources */,
				52F2482421DFADF6003F6989 /* FavoriteRegionTableViewCell.swift in Sources */,
				52EA578421D3AA380012F53C /* ShopAddressTableViewCell.swift in Sources */,
				D192BF9D21E249530072D4EF /* BagSizeAlertViewController.swift in Sources */,
				52F2482D21E00072003F6989 /* ProfileModel.swift in Sources */,
				5202616321E271D500C3EDA7 /* CurrentLocation.swift in Sources */,
				5202615421E247A600C3EDA7 /* ReviewModel.swift in Sources */,
				52DAACD721E1001E00B000A7 /* LastGuideViewController.swift in Sources */,
				5202616D21E271D500C3EDA7 /* Area0.swift in Sources */,
				52F2481E21DFAB25003F6989 /* FavoriteStoreViewController.swift in Sources */,
				5202616821E271D500C3EDA7 /* Area1.swift in Sources */,
				52F2483421E00735003F6989 /* FavoriteModel.swift in Sources */,
				D10DD1AB21DE4B700011282C /* StartTime.swift in Sources */,
				52EA578621D3AA6F0012F53C /* ShopReviewTableViewCell.swift in Sources */,
				52AB761221CF69240002FB07 /* ViewExtension.swift in Sources */,
				D13841F121D9FDF900EC7D9D /* TestViewController5.swift in Sources */,
				52F2482221DFADE4003F6989 /* FavoriteStoreTableViewCell.swift in Sources */,
				52D2BC3821D6BDCB005F48D3 /* NetworkManager.swift in Sources */,
				52986AFC21D28DB100601983 /* UIColor.swift in Sources */,
				D13841F021D9FDF900EC7D9D /* TestTableViewController.swift in Sources */,
				D1912E6F21E11B73005ADBAF /* ServiceRateAlertViewController.swift in Sources */,
				D10DD1AE21DE4B700011282C /* CloseTime.swift in Sources */,
				5202616A21E271D500C3EDA7 /* Area4.swift in Sources */,
				D1ABFAE321DBC20500BEE3E0 /* CircleButton.swift in Sources */,
				D10DD1AF21DE4B700011282C /* EndTime.swift in Sources */,
				D10DD1AC21DE4B700011282C /* BagDtos.swift in Sources */,
				52F2481C21DF9A5C003F6989 /* RecentStorageTableViewCell.swift in Sources */,
				D10DD1AD21DE4B700011282C /* Store.swift in Sources */,
				D13841ED21D9FDEE00EC7D9D /* ReservationViewController.swift in Sources */,
				5202616521E271D500C3EDA7 /* Status.swift in Sources */,
				5202616921E271D500C3EDA7 /* Area2.swift in Sources */,
				52F2481A21DF7BEE003F6989 /* MyPageViewController.swift in Sources */,
				52D2BC3521D6AB19005F48D3 /* NetworkRequester.swift in Sources */,
				52EDFB6021DA425700A83CC0 /* RestWeekResponseDtos.swift in Sources */,
				D10DD1A021DDF9D80011282C /* ReservationAlertViewController.swift in Sources */,
				5202616221E271D500C3EDA7 /* Code.swift in Sources */,
				D13841E721D9FDB500EC7D9D /* CancelAlertViewController.swift in Sources */,
			);
			runOnlyForDeploymentPostprocessing = 0;
		};
/* End PBXSourcesBuildPhase section */

/* Begin PBXVariantGroup section */
		52AB75FC21CF50700002FB07 /* LaunchScreen.storyboard */ = {
			isa = PBXVariantGroup;
			children = (
				52AB75FD21CF50700002FB07 /* Base */,
			);
			name = LaunchScreen.storyboard;
			sourceTree = "<group>";
		};
/* End PBXVariantGroup section */

/* Begin XCBuildConfiguration section */
		52AB760021CF50700002FB07 /* Debug */ = {
			isa = XCBuildConfiguration;
			buildSettings = {
				ALWAYS_SEARCH_USER_PATHS = NO;
				CLANG_ANALYZER_LOCALIZABILITY_NONLOCALIZED = YES;
				CLANG_ANALYZER_NONNULL = YES;
				CLANG_ANALYZER_NUMBER_OBJECT_CONVERSION = YES_AGGRESSIVE;
				CLANG_CXX_LANGUAGE_STANDARD = "gnu++14";
				CLANG_CXX_LIBRARY = "libc++";
				CLANG_ENABLE_MODULES = YES;
				CLANG_ENABLE_OBJC_ARC = YES;
				CLANG_ENABLE_OBJC_WEAK = YES;
				CLANG_WARN_BLOCK_CAPTURE_AUTORELEASING = YES;
				CLANG_WARN_BOOL_CONVERSION = YES;
				CLANG_WARN_COMMA = YES;
				CLANG_WARN_CONSTANT_CONVERSION = YES;
				CLANG_WARN_DEPRECATED_OBJC_IMPLEMENTATIONS = YES;
				CLANG_WARN_DIRECT_OBJC_ISA_USAGE = YES_ERROR;
				CLANG_WARN_DOCUMENTATION_COMMENTS = YES;
				CLANG_WARN_EMPTY_BODY = YES;
				CLANG_WARN_ENUM_CONVERSION = YES;
				CLANG_WARN_INFINITE_RECURSION = YES;
				CLANG_WARN_INT_CONVERSION = YES;
				CLANG_WARN_NON_LITERAL_NULL_CONVERSION = YES;
				CLANG_WARN_OBJC_IMPLICIT_RETAIN_SELF = YES;
				CLANG_WARN_OBJC_LITERAL_CONVERSION = YES;
				CLANG_WARN_OBJC_ROOT_CLASS = YES_ERROR;
				CLANG_WARN_RANGE_LOOP_ANALYSIS = YES;
				CLANG_WARN_STRICT_PROTOTYPES = YES;
				CLANG_WARN_SUSPICIOUS_MOVE = YES;
				CLANG_WARN_UNGUARDED_AVAILABILITY = YES_AGGRESSIVE;
				CLANG_WARN_UNREACHABLE_CODE = YES;
				CLANG_WARN__DUPLICATE_METHOD_MATCH = YES;
				CODE_SIGN_IDENTITY = "iPhone Developer";
				COPY_PHASE_STRIP = NO;
				DEBUG_INFORMATION_FORMAT = dwarf;
				ENABLE_STRICT_OBJC_MSGSEND = YES;
				ENABLE_TESTABILITY = YES;
				GCC_C_LANGUAGE_STANDARD = gnu11;
				GCC_DYNAMIC_NO_PIC = NO;
				GCC_NO_COMMON_BLOCKS = YES;
				GCC_OPTIMIZATION_LEVEL = 0;
				GCC_PREPROCESSOR_DEFINITIONS = (
					"DEBUG=1",
					"$(inherited)",
				);
				GCC_WARN_64_TO_32_BIT_CONVERSION = YES;
				GCC_WARN_ABOUT_RETURN_TYPE = YES_ERROR;
				GCC_WARN_UNDECLARED_SELECTOR = YES;
				GCC_WARN_UNINITIALIZED_AUTOS = YES_AGGRESSIVE;
				GCC_WARN_UNUSED_FUNCTION = YES;
				GCC_WARN_UNUSED_VARIABLE = YES;
				IPHONEOS_DEPLOYMENT_TARGET = 10.0;
				MTL_ENABLE_DEBUG_INFO = INCLUDE_SOURCE;
				MTL_FAST_MATH = YES;
				ONLY_ACTIVE_ARCH = YES;
				SDKROOT = iphoneos;
				SWIFT_ACTIVE_COMPILATION_CONDITIONS = DEBUG;
				SWIFT_OPTIMIZATION_LEVEL = "-Onone";
			};
			name = Debug;
		};
		52AB760121CF50700002FB07 /* Release */ = {
			isa = XCBuildConfiguration;
			buildSettings = {
				ALWAYS_SEARCH_USER_PATHS = NO;
				CLANG_ANALYZER_LOCALIZABILITY_NONLOCALIZED = YES;
				CLANG_ANALYZER_NONNULL = YES;
				CLANG_ANALYZER_NUMBER_OBJECT_CONVERSION = YES_AGGRESSIVE;
				CLANG_CXX_LANGUAGE_STANDARD = "gnu++14";
				CLANG_CXX_LIBRARY = "libc++";
				CLANG_ENABLE_MODULES = YES;
				CLANG_ENABLE_OBJC_ARC = YES;
				CLANG_ENABLE_OBJC_WEAK = YES;
				CLANG_WARN_BLOCK_CAPTURE_AUTORELEASING = YES;
				CLANG_WARN_BOOL_CONVERSION = YES;
				CLANG_WARN_COMMA = YES;
				CLANG_WARN_CONSTANT_CONVERSION = YES;
				CLANG_WARN_DEPRECATED_OBJC_IMPLEMENTATIONS = YES;
				CLANG_WARN_DIRECT_OBJC_ISA_USAGE = YES_ERROR;
				CLANG_WARN_DOCUMENTATION_COMMENTS = YES;
				CLANG_WARN_EMPTY_BODY = YES;
				CLANG_WARN_ENUM_CONVERSION = YES;
				CLANG_WARN_INFINITE_RECURSION = YES;
				CLANG_WARN_INT_CONVERSION = YES;
				CLANG_WARN_NON_LITERAL_NULL_CONVERSION = YES;
				CLANG_WARN_OBJC_IMPLICIT_RETAIN_SELF = YES;
				CLANG_WARN_OBJC_LITERAL_CONVERSION = YES;
				CLANG_WARN_OBJC_ROOT_CLASS = YES_ERROR;
				CLANG_WARN_RANGE_LOOP_ANALYSIS = YES;
				CLANG_WARN_STRICT_PROTOTYPES = YES;
				CLANG_WARN_SUSPICIOUS_MOVE = YES;
				CLANG_WARN_UNGUARDED_AVAILABILITY = YES_AGGRESSIVE;
				CLANG_WARN_UNREACHABLE_CODE = YES;
				CLANG_WARN__DUPLICATE_METHOD_MATCH = YES;
				CODE_SIGN_IDENTITY = "iPhone Developer";
				COPY_PHASE_STRIP = NO;
				DEBUG_INFORMATION_FORMAT = "dwarf-with-dsym";
				ENABLE_NS_ASSERTIONS = NO;
				ENABLE_STRICT_OBJC_MSGSEND = YES;
				GCC_C_LANGUAGE_STANDARD = gnu11;
				GCC_NO_COMMON_BLOCKS = YES;
				GCC_WARN_64_TO_32_BIT_CONVERSION = YES;
				GCC_WARN_ABOUT_RETURN_TYPE = YES_ERROR;
				GCC_WARN_UNDECLARED_SELECTOR = YES;
				GCC_WARN_UNINITIALIZED_AUTOS = YES_AGGRESSIVE;
				GCC_WARN_UNUSED_FUNCTION = YES;
				GCC_WARN_UNUSED_VARIABLE = YES;
				IPHONEOS_DEPLOYMENT_TARGET = 10.0;
				MTL_ENABLE_DEBUG_INFO = NO;
				MTL_FAST_MATH = YES;
				SDKROOT = iphoneos;
				SWIFT_COMPILATION_MODE = wholemodule;
				SWIFT_OPTIMIZATION_LEVEL = "-O";
				VALIDATE_PRODUCT = YES;
			};
			name = Release;
		};
		52AB760321CF50700002FB07 /* Debug */ = {
			isa = XCBuildConfiguration;
			baseConfigurationReference = C60D5008FEC6D2AA646AB039 /* Pods-Travely_iOS.debug.xcconfig */;
			buildSettings = {
				ASSETCATALOG_COMPILER_APPICON_NAME = AppIcon;
				CODE_SIGN_STYLE = Automatic;
				DEVELOPMENT_TEAM = 6D8SYQ63KK;
				INFOPLIST_FILE = "$(SRCROOT)/Travely_iOS/Support/Info.plist";
				IPHONEOS_DEPLOYMENT_TARGET = 11.0;
				LD_RUNPATH_SEARCH_PATHS = (
					"$(inherited)",
					"@executable_path/Frameworks",
				);
				PRODUCT_BUNDLE_IDENTIFIER = "dongkyushin.Travely-iOS";
				PRODUCT_NAME = "$(TARGET_NAME)";
				SWIFT_VERSION = 4.2;
				TARGETED_DEVICE_FAMILY = "1,2";
			};
			name = Debug;
		};
		52AB760421CF50700002FB07 /* Release */ = {
			isa = XCBuildConfiguration;
			baseConfigurationReference = 3ED19096FC49769E399B9F60 /* Pods-Travely_iOS.release.xcconfig */;
			buildSettings = {
				ASSETCATALOG_COMPILER_APPICON_NAME = AppIcon;
				CODE_SIGN_STYLE = Automatic;
				DEVELOPMENT_TEAM = 6D8SYQ63KK;
				INFOPLIST_FILE = "$(SRCROOT)/Travely_iOS/Support/Info.plist";
				IPHONEOS_DEPLOYMENT_TARGET = 11.0;
				LD_RUNPATH_SEARCH_PATHS = (
					"$(inherited)",
					"@executable_path/Frameworks",
				);
				PRODUCT_BUNDLE_IDENTIFIER = "dongkyushin.Travely-iOS";
				PRODUCT_NAME = "$(TARGET_NAME)";
				SWIFT_VERSION = 4.2;
				TARGETED_DEVICE_FAMILY = "1,2";
			};
			name = Release;
		};
/* End XCBuildConfiguration section */

/* Begin XCConfigurationList section */
		52AB75EB21CF506F0002FB07 /* Build configuration list for PBXProject "Travely_iOS" */ = {
			isa = XCConfigurationList;
			buildConfigurations = (
				52AB760021CF50700002FB07 /* Debug */,
				52AB760121CF50700002FB07 /* Release */,
			);
			defaultConfigurationIsVisible = 0;
			defaultConfigurationName = Release;
		};
		52AB760221CF50700002FB07 /* Build configuration list for PBXNativeTarget "Travely_iOS" */ = {
			isa = XCConfigurationList;
			buildConfigurations = (
				52AB760321CF50700002FB07 /* Debug */,
				52AB760421CF50700002FB07 /* Release */,
			);
			defaultConfigurationIsVisible = 0;
			defaultConfigurationName = Release;
		};
/* End XCConfigurationList section */
	};
	rootObject = 52AB75E821CF506F0002FB07 /* Project object */;
}
